
Microsoft Visual Studio Solution File, Format Version 12.00
# Visual Studio 14
VisualStudioVersion = 14.0.25420.1
MinimumVisualStudioVersion = 10.0.40219.1
Project("{2150E333-8FDC-42A3-9474-1A3956D46DE8}") = "ZCXJ_CS.Utilities", "ZCXJ_CS.Utilities", "{AF95287E-ED18-4548-94F2-1E483B42019F}"
EndProject
Project("{FAE04EC0-301F-11D3-BF4B-00C04F79EFBC}") = "ConfigHelper", "ZCXJ_CS.Utilities\ConfigHelper\ConfigHelper.csproj", "{E202C521-22E9-477E-B376-277935A43978}"
EndProject
Project("{FAE04EC0-301F-11D3-BF4B-00C04F79EFBC}") = "LogHelper", "ZCXJ_CS.Utilities\LogHelper\LogHelper.csproj", "{43DCF446-4179-46C4-9C5C-BFB5D87E4897}"
EndProject
Project("{FAE04EC0-301F-11D3-BF4B-00C04F79EFBC}") = "SerialPortHelper", "ZCXJ_CS.Utilities\SerialPortHelper\SerialPortHelper.csproj", "{7D41C245-C7A1-4074-B689-29846AE8989B}"
	ProjectSection(ProjectDependencies) = postProject
		{E202C521-22E9-477E-B376-277935A43978} = {E202C521-22E9-477E-B376-277935A43978}
	EndProjectSection
EndProject
Project("{FAE04EC0-301F-11D3-BF4B-00C04F79EFBC}") = "SqliteHelper", "ZCXJ_CS.Utilities\SqliteHelper\SqliteHelper.csproj", "{89362B3E-116E-4E71-A098-657101D78E4A}"
	ProjectSection(ProjectDependencies) = postProject
		{E202C521-22E9-477E-B376-277935A43978} = {E202C521-22E9-477E-B376-277935A43978}
		{43DCF446-4179-46C4-9C5C-BFB5D87E4897} = {43DCF446-4179-46C4-9C5C-BFB5D87E4897}
	EndProjectSection
EndProject
Project("{FAE04EC0-301F-11D3-BF4B-00C04F79EFBC}") = "ZCXJ_CS.Domain", "ZCXJ_CS.Domain\ZCXJ_CS.Domain.csproj", "{71DE289D-6221-4E0F-A2D4-A7B2E1CB65B2}"
	ProjectSection(ProjectDependencies) = postProject
		{DF903017-CA0F-430A-A9AA-4DDC4C355449} = {DF903017-CA0F-430A-A9AA-4DDC4C355449}
		{8494DB1E-87C4-43A5-9693-7BBADA21000C} = {8494DB1E-87C4-43A5-9693-7BBADA21000C}
		{E202C521-22E9-477E-B376-277935A43978} = {E202C521-22E9-477E-B376-277935A43978}
		{89362B3E-116E-4E71-A098-657101D78E4A} = {89362B3E-116E-4E71-A098-657101D78E4A}
		{7D41C245-C7A1-4074-B689-29846AE8989B} = {7D41C245-C7A1-4074-B689-29846AE8989B}
		{43DCF446-4179-46C4-9C5C-BFB5D87E4897} = {43DCF446-4179-46C4-9C5C-BFB5D87E4897}
	EndProjectSection
EndProject
Project("{FAE04EC0-301F-11D3-BF4B-00C04F79EFBC}") = "ZCXJ_CS.Applications", "ZCXJ_CS.Applications\ZCXJ_CS.Applications.csproj", "{CCC4051E-9B2C-4DD1-92BF-D4FDB959F077}"
	ProjectSection(ProjectDependencies) = postProject
		{DF903017-CA0F-430A-A9AA-4DDC4C355449} = {DF903017-CA0F-430A-A9AA-4DDC4C355449}
		{8494DB1E-87C4-43A5-9693-7BBADA21000C} = {8494DB1E-87C4-43A5-9693-7BBADA21000C}
		{E202C521-22E9-477E-B376-277935A43978} = {E202C521-22E9-477E-B376-277935A43978}
		{89362B3E-116E-4E71-A098-657101D78E4A} = {89362B3E-116E-4E71-A098-657101D78E4A}
		{7D41C245-C7A1-4074-B689-29846AE8989B} = {7D41C245-C7A1-4074-B689-29846AE8989B}
		{43DCF446-4179-46C4-9C5C-BFB5D87E4897} = {43DCF446-4179-46C4-9C5C-BFB5D87E4897}
		{695A088F-0592-4C1C-901D-69D8C6E6F6D9} = {695A088F-0592-4C1C-901D-69D8C6E6F6D9}
		{71DE289D-6221-4E0F-A2D4-A7B2E1CB65B2} = {71DE289D-6221-4E0F-A2D4-A7B2E1CB65B2}
	EndProjectSection
EndProject
Project("{FAE04EC0-301F-11D3-BF4B-00C04F79EFBC}") = "ZCXJ_CS.Infrastructure", "ZCXJ_CS.Infrastructure\ZCXJ_CS.Infrastructure.csproj", "{8494DB1E-87C4-43A5-9693-7BBADA21000C}"
	ProjectSection(ProjectDependencies) = postProject
		{DF903017-CA0F-430A-A9AA-4DDC4C355449} = {DF903017-CA0F-430A-A9AA-4DDC4C355449}
		{E202C521-22E9-477E-B376-277935A43978} = {E202C521-22E9-477E-B376-277935A43978}
		{89362B3E-116E-4E71-A098-657101D78E4A} = {89362B3E-116E-4E71-A098-657101D78E4A}
		{7D41C245-C7A1-4074-B689-29846AE8989B} = {7D41C245-C7A1-4074-B689-29846AE8989B}
		{43DCF446-4179-46C4-9C5C-BFB5D87E4897} = {43DCF446-4179-46C4-9C5C-BFB5D87E4897}
	EndProjectSection
EndProject
Project("{FAE04EC0-301F-11D3-BF4B-00C04F79EFBC}") = "ZCXJ_CS.Presentation", "ZCXJ_CS.Presentation\ZCXJ_CS.Presentation.csproj", "{261A918E-473A-4283-8174-C6F731ABCC50}"
	ProjectSection(ProjectDependencies) = postProject
		{DF903017-CA0F-430A-A9AA-4DDC4C355449} = {DF903017-CA0F-430A-A9AA-4DDC4C355449}
		{CCC4051E-9B2C-4DD1-92BF-D4FDB959F077} = {CCC4051E-9B2C-4DD1-92BF-D4FDB959F077}
		{8494DB1E-87C4-43A5-9693-7BBADA21000C} = {8494DB1E-87C4-43A5-9693-7BBADA21000C}
		{E202C521-22E9-477E-B376-277935A43978} = {E202C521-22E9-477E-B376-277935A43978}
		{89362B3E-116E-4E71-A098-657101D78E4A} = {89362B3E-116E-4E71-A098-657101D78E4A}
		{7D41C245-C7A1-4074-B689-29846AE8989B} = {7D41C245-C7A1-4074-B689-29846AE8989B}
		{43DCF446-4179-46C4-9C5C-BFB5D87E4897} = {43DCF446-4179-46C4-9C5C-BFB5D87E4897}
		{695A088F-0592-4C1C-901D-69D8C6E6F6D9} = {695A088F-0592-4C1C-901D-69D8C6E6F6D9}
		{71DE289D-6221-4E0F-A2D4-A7B2E1CB65B2} = {71DE289D-6221-4E0F-A2D4-A7B2E1CB65B2}
	EndProjectSection
EndProject
Project("{2150E333-8FDC-42A3-9474-1A3956D46DE8}") = "ZCXJ_CS.UI", "ZCXJ_CS.UI", "{7B5FB42A-C4AA-4B7F-B64E-3D0AECC217D5}"
EndProject
Project("{FAE04EC0-301F-11D3-BF4B-00C04F79EFBC}") = "UIBase", "ZCXJ_CS.UI\UIBase\UIBase.csproj", "{695A088F-0592-4C1C-901D-69D8C6E6F6D9}"
EndProject
Project("{FAE04EC0-301F-11D3-BF4B-00C04F79EFBC}") = "FormWorkTicket", "ZCXJ_CS.UI\FormWorkTicket\FormWorkTicket.csproj", "{39F56BFA-92DC-42EA-AA86-AE48344561B3}"
EndProject
Project("{FAE04EC0-301F-11D3-BF4B-00C04F79EFBC}") = "FormTest", "ZCXJ_CS.UI\FormTest\FormTest.csproj", "{294BEEFB-75D7-43B5-8C67-AE27356155E7}"
EndProject
Project("{FAE04EC0-301F-11D3-BF4B-00C04F79EFBC}") = "JsonHelper", "ZCXJ_CS.Utilities\JsonHelper\JsonHelper.csproj", "{DF903017-CA0F-430A-A9AA-4DDC4C355449}"
	ProjectSection(ProjectDependencies) = postProject
		{E202C521-22E9-477E-B376-277935A43978} = {E202C521-22E9-477E-B376-277935A43978}
		{43DCF446-4179-46C4-9C5C-BFB5D87E4897} = {43DCF446-4179-46C4-9C5C-BFB5D87E4897}
	EndProjectSection
EndProject
Project("{FAE04EC0-301F-11D3-BF4B-00C04F79EFBC}") = "FormProdMonitor", "ZCXJ_CS.UI\FormProdMonitor\FormProdMonitor.csproj", "{72760BD2-E016-491E-A210-F0A57509AE18}"
EndProject
Project("{FAE04EC0-301F-11D3-BF4B-00C04F79EFBC}") = "ZCXJ_CS.Repository", "ZCXJ_CS.Repository\ZCXJ_CS.Repository.csproj", "{EC4EB6FE-8F2E-406A-B3C2-169F9CBD7F2F}"
EndProject
Project("{FAE04EC0-301F-11D3-BF4B-00C04F79EFBC}") = "FormTeamHandover", "ZCXJ_CS.UI\FormTeamHandover\FormTeamHandover.csproj", "{8E96A3C7-E91F-4EC1-AEC4-40041F55CAC8}"
EndProject
Project("{FAE04EC0-301F-11D3-BF4B-00C04F79EFBC}") = "FormTurnoverCard", "ZCXJ_CS.UI\FormTurnoverCard\FormTurnoverCard.csproj", "{3C62F7F6-F00D-4123-B84E-68C992B2C4ED}"
EndProject
Project("{FAE04EC0-301F-11D3-BF4B-00C04F79EFBC}") = "DlgFactorVerify", "ZCXJ_CS.UI\DlgFactorVerify\DlgFactorVerify.csproj", "{A085BAE9-1101-4761-873C-4F4E7064947F}"
EndProject
Project("{FAE04EC0-301F-11D3-BF4B-00C04F79EFBC}") = "YgControls", "ZCXJ_CS.UI\YgControls\YgControls.csproj", "{A0E95F64-EAB0-4C9B-9C57-AC991E44B4F3}"
EndProject
Project("{FAE04EC0-301F-11D3-BF4B-00C04F79EFBC}") = "FormCallEvent", "ZCXJ_CS.UI\FormCallEvent\FormCallEvent.csproj", "{42D50DB6-1CEE-421F-AFF0-03B9D20F1955}"
EndProject
Project("{FAE04EC0-301F-11D3-BF4B-00C04F79EFBC}") = "FormQuality", "ZCXJ_CS.UI\FormQuality\FormQuality.csproj", "{E5A901D4-5A4A-498E-B589-5563C9BAAC3F}"
EndProject
Project("{FAE04EC0-301F-11D3-BF4B-00C04F79EFBC}") = "FormMateriaCheck", "ZCXJ_CS.UI\FormMachine\FormMateriaCheck.csproj", "{F92ECF56-5B5C-4F5D-BA35-FB53DF6E5945}"
EndProject
Project("{FAE04EC0-301F-11D3-BF4B-00C04F79EFBC}") = "Common", "ZCXJ_CS.Utilities\Common\Common.csproj", "{26B929F0-E61C-4905-9F07-9FE59324986D}"
EndProject
Project("{FAE04EC0-301F-11D3-BF4B-00C04F79EFBC}") = "FormPrint", "ZCXJ_CS.UI\FormPrint\FormPrint.csproj", "{24A52D57-16CE-4D6E-BEF3-B065A9C46C66}"
EndProject
Project("{FAE04EC0-301F-11D3-BF4B-00C04F79EFBC}") = "DM.MES", "..\..\..\workspace\SourceCode\All PROJ\赵利娟\Intelligent_MES_MultiLangue\DM_MES\DM.MES.csproj", "{4E902535-95CF-432B-99E8-426EB95F13C1}"
EndProject
Project("{FAE04EC0-301F-11D3-BF4B-00C04F79EFBC}") = "FormProcessView", "ZCXJ_CS.UI\FromProcessView\FormProcessView.csproj", "{BBE5497F-F5CF-4E0C-9EC1-9DAAA9DDB15D}"
EndProject
Project("{FAE04EC0-301F-11D3-BF4B-00C04F79EFBC}") = "GraphScenario", "..\..\..\工作区\01.工作2017\07.控件开发\Graphyun\Graphyu\GraphScenario.csproj", "{99E017ED-213D-4E90-8C6B-349DACF88D3F}"
EndProject
Global
	GlobalSection(SolutionConfigurationPlatforms) = preSolution
		CD_ROM|Any CPU = CD_ROM|Any CPU
		CD_ROM|Mixed Platforms = CD_ROM|Mixed Platforms
		CD_ROM|x86 = CD_ROM|x86
		Debug|Any CPU = Debug|Any CPU
		Debug|Mixed Platforms = Debug|Mixed Platforms
		Debug|x86 = Debug|x86
		DVD-5|Any CPU = DVD-5|Any CPU
		DVD-5|Mixed Platforms = DVD-5|Mixed Platforms
		DVD-5|x86 = DVD-5|x86
		Release|Any CPU = Release|Any CPU
		Release|Mixed Platforms = Release|Mixed Platforms
		Release|x86 = Release|x86
		SingleImage|Any CPU = SingleImage|Any CPU
		SingleImage|Mixed Platforms = SingleImage|Mixed Platforms
		SingleImage|x86 = SingleImage|x86
	EndGlobalSection
	GlobalSection(ProjectConfigurationPlatforms) = postSolution
		{E202C521-22E9-477E-B376-277935A43978}.CD_ROM|Any CPU.ActiveCfg = Release|Any CPU
		{E202C521-22E9-477E-B376-277935A43978}.CD_ROM|Any CPU.Build.0 = Release|Any CPU
		{E202C521-22E9-477E-B376-277935A43978}.CD_ROM|Mixed Platforms.ActiveCfg = Release|Any CPU
		{E202C521-22E9-477E-B376-277935A43978}.CD_ROM|Mixed Platforms.Build.0 = Release|Any CPU
		{E202C521-22E9-477E-B376-277935A43978}.CD_ROM|x86.ActiveCfg = Release|Any CPU
		{E202C521-22E9-477E-B376-277935A43978}.CD_ROM|x86.Build.0 = Release|Any CPU
		{E202C521-22E9-477E-B376-277935A43978}.Debug|Any CPU.ActiveCfg = Debug|Any CPU
		{E202C521-22E9-477E-B376-277935A43978}.Debug|Any CPU.Build.0 = Debug|Any CPU
		{E202C521-22E9-477E-B376-277935A43978}.Debug|Mixed Platforms.ActiveCfg = Debug|Any CPU
		{E202C521-22E9-477E-B376-277935A43978}.Debug|Mixed Platforms.Build.0 = Debug|Any CPU
		{E202C521-22E9-477E-B376-277935A43978}.Debug|x86.ActiveCfg = Debug|Any CPU
		{E202C521-22E9-477E-B376-277935A43978}.Debug|x86.Build.0 = Debug|Any CPU
		{E202C521-22E9-477E-B376-277935A43978}.DVD-5|Any CPU.ActiveCfg = Debug|Any CPU
		{E202C521-22E9-477E-B376-277935A43978}.DVD-5|Any CPU.Build.0 = Debug|Any CPU
		{E202C521-22E9-477E-B376-277935A43978}.DVD-5|Mixed Platforms.ActiveCfg = Debug|Any CPU
		{E202C521-22E9-477E-B376-277935A43978}.DVD-5|Mixed Platforms.Build.0 = Debug|Any CPU
		{E202C521-22E9-477E-B376-277935A43978}.DVD-5|x86.ActiveCfg = Debug|Any CPU
		{E202C521-22E9-477E-B376-277935A43978}.DVD-5|x86.Build.0 = Debug|Any CPU
		{E202C521-22E9-477E-B376-277935A43978}.Release|Any CPU.ActiveCfg = Release|Any CPU
		{E202C521-22E9-477E-B376-277935A43978}.Release|Any CPU.Build.0 = Release|Any CPU
		{E202C521-22E9-477E-B376-277935A43978}.Release|Mixed Platforms.ActiveCfg = Release|Any CPU
		{E202C521-22E9-477E-B376-277935A43978}.Release|Mixed Platforms.Build.0 = Release|Any CPU
		{E202C521-22E9-477E-B376-277935A43978}.Release|x86.ActiveCfg = Release|Any CPU
		{E202C521-22E9-477E-B376-277935A43978}.SingleImage|Any CPU.ActiveCfg = Release|Any CPU
		{E202C521-22E9-477E-B376-277935A43978}.SingleImage|Any CPU.Build.0 = Release|Any CPU
		{E202C521-22E9-477E-B376-277935A43978}.SingleImage|Mixed Platforms.ActiveCfg = Release|Any CPU
		{E202C521-22E9-477E-B376-277935A43978}.SingleImage|Mixed Platforms.Build.0 = Release|Any CPU
		{E202C521-22E9-477E-B376-277935A43978}.SingleImage|x86.ActiveCfg = Release|Any CPU
		{E202C521-22E9-477E-B376-277935A43978}.SingleImage|x86.Build.0 = Release|Any CPU
		{43DCF446-4179-46C4-9C5C-BFB5D87E4897}.CD_ROM|Any CPU.ActiveCfg = Release|Any CPU
		{43DCF446-4179-46C4-9C5C-BFB5D87E4897}.CD_ROM|Any CPU.Build.0 = Release|Any CPU
		{43DCF446-4179-46C4-9C5C-BFB5D87E4897}.CD_ROM|Mixed Platforms.ActiveCfg = Release|Any CPU
		{43DCF446-4179-46C4-9C5C-BFB5D87E4897}.CD_ROM|Mixed Platforms.Build.0 = Release|Any CPU
		{43DCF446-4179-46C4-9C5C-BFB5D87E4897}.CD_ROM|x86.ActiveCfg = Release|Any CPU
		{43DCF446-4179-46C4-9C5C-BFB5D87E4897}.CD_ROM|x86.Build.0 = Release|Any CPU
		{43DCF446-4179-46C4-9C5C-BFB5D87E4897}.Debug|Any CPU.ActiveCfg = Debug|Any CPU
		{43DCF446-4179-46C4-9C5C-BFB5D87E4897}.Debug|Any CPU.Build.0 = Debug|Any CPU
		{43DCF446-4179-46C4-9C5C-BFB5D87E4897}.Debug|Mixed Platforms.ActiveCfg = Debug|Any CPU
		{43DCF446-4179-46C4-9C5C-BFB5D87E4897}.Debug|Mixed Platforms.Build.0 = Debug|Any CPU
		{43DCF446-4179-46C4-9C5C-BFB5D87E4897}.Debug|x86.ActiveCfg = Debug|Any CPU
		{43DCF446-4179-46C4-9C5C-BFB5D87E4897}.Debug|x86.Build.0 = Debug|Any CPU
		{43DCF446-4179-46C4-9C5C-BFB5D87E4897}.DVD-5|Any CPU.ActiveCfg = Debug|Any CPU
		{43DCF446-4179-46C4-9C5C-BFB5D87E4897}.DVD-5|Any CPU.Build.0 = Debug|Any CPU
		{43DCF446-4179-46C4-9C5C-BFB5D87E4897}.DVD-5|Mixed Platforms.ActiveCfg = Debug|Any CPU
		{43DCF446-4179-46C4-9C5C-BFB5D87E4897}.DVD-5|Mixed Platforms.Build.0 = Debug|Any CPU
		{43DCF446-4179-46C4-9C5C-BFB5D87E4897}.DVD-5|x86.ActiveCfg = Debug|Any CPU
		{43DCF446-4179-46C4-9C5C-BFB5D87E4897}.DVD-5|x86.Build.0 = Debug|Any CPU
		{43DCF446-4179-46C4-9C5C-BFB5D87E4897}.Release|Any CPU.ActiveCfg = Release|Any CPU
		{43DCF446-4179-46C4-9C5C-BFB5D87E4897}.Release|Any CPU.Build.0 = Release|Any CPU
		{43DCF446-4179-46C4-9C5C-BFB5D87E4897}.Release|Mixed Platforms.ActiveCfg = Release|Any CPU
		{43DCF446-4179-46C4-9C5C-BFB5D87E4897}.Release|Mixed Platforms.Build.0 = Release|Any CPU
		{43DCF446-4179-46C4-9C5C-BFB5D87E4897}.Release|x86.ActiveCfg = Release|Any CPU
		{43DCF446-4179-46C4-9C5C-BFB5D87E4897}.SingleImage|Any CPU.ActiveCfg = Release|Any CPU
		{43DCF446-4179-46C4-9C5C-BFB5D87E4897}.SingleImage|Any CPU.Build.0 = Release|Any CPU
		{43DCF446-4179-46C4-9C5C-BFB5D87E4897}.SingleImage|Mixed Platforms.ActiveCfg = Release|Any CPU
		{43DCF446-4179-46C4-9C5C-BFB5D87E4897}.SingleImage|Mixed Platforms.Build.0 = Release|Any CPU
		{43DCF446-4179-46C4-9C5C-BFB5D87E4897}.SingleImage|x86.ActiveCfg = Release|Any CPU
		{43DCF446-4179-46C4-9C5C-BFB5D87E4897}.SingleImage|x86.Build.0 = Release|Any CPU
		{7D41C245-C7A1-4074-B689-29846AE8989B}.CD_ROM|Any CPU.ActiveCfg = Release|Any CPU
		{7D41C245-C7A1-4074-B689-29846AE8989B}.CD_ROM|Any CPU.Build.0 = Release|Any CPU
		{7D41C245-C7A1-4074-B689-29846AE8989B}.CD_ROM|Mixed Platforms.ActiveCfg = Release|Any CPU
		{7D41C245-C7A1-4074-B689-29846AE8989B}.CD_ROM|Mixed Platforms.Build.0 = Release|Any CPU
		{7D41C245-C7A1-4074-B689-29846AE8989B}.CD_ROM|x86.ActiveCfg = Release|Any CPU
		{7D41C245-C7A1-4074-B689-29846AE8989B}.CD_ROM|x86.Build.0 = Release|Any CPU
		{7D41C245-C7A1-4074-B689-29846AE8989B}.Debug|Any CPU.ActiveCfg = Debug|Any CPU
		{7D41C245-C7A1-4074-B689-29846AE8989B}.Debug|Any CPU.Build.0 = Debug|Any CPU
		{7D41C245-C7A1-4074-B689-29846AE8989B}.Debug|Mixed Platforms.ActiveCfg = Debug|Any CPU
		{7D41C245-C7A1-4074-B689-29846AE8989B}.Debug|Mixed Platforms.Build.0 = Debug|Any CPU
		{7D41C245-C7A1-4074-B689-29846AE8989B}.Debug|x86.ActiveCfg = Debug|Any CPU
		{7D41C245-C7A1-4074-B689-29846AE8989B}.Debug|x86.Build.0 = Debug|Any CPU
		{7D41C245-C7A1-4074-B689-29846AE8989B}.DVD-5|Any CPU.ActiveCfg = Debug|Any CPU
		{7D41C245-C7A1-4074-B689-29846AE8989B}.DVD-5|Any CPU.Build.0 = Debug|Any CPU
		{7D41C245-C7A1-4074-B689-29846AE8989B}.DVD-5|Mixed Platforms.ActiveCfg = Debug|Any CPU
		{7D41C245-C7A1-4074-B689-29846AE8989B}.DVD-5|Mixed Platforms.Build.0 = Debug|Any CPU
		{7D41C245-C7A1-4074-B689-29846AE8989B}.DVD-5|x86.ActiveCfg = Debug|Any CPU
		{7D41C245-C7A1-4074-B689-29846AE8989B}.DVD-5|x86.Build.0 = Debug|Any CPU
		{7D41C245-C7A1-4074-B689-29846AE8989B}.Release|Any CPU.ActiveCfg = Release|Any CPU
		{7D41C245-C7A1-4074-B689-29846AE8989B}.Release|Any CPU.Build.0 = Release|Any CPU
		{7D41C245-C7A1-4074-B689-29846AE8989B}.Release|Mixed Platforms.ActiveCfg = Release|Any CPU
		{7D41C245-C7A1-4074-B689-29846AE8989B}.Release|Mixed Platforms.Build.0 = Release|Any CPU
		{7D41C245-C7A1-4074-B689-29846AE8989B}.Release|x86.ActiveCfg = Release|Any CPU
		{7D41C245-C7A1-4074-B689-29846AE8989B}.SingleImage|Any CPU.ActiveCfg = Release|Any CPU
		{7D41C245-C7A1-4074-B689-29846AE8989B}.SingleImage|Any CPU.Build.0 = Release|Any CPU
		{7D41C245-C7A1-4074-B689-29846AE8989B}.SingleImage|Mixed Platforms.ActiveCfg = Release|Any CPU
		{7D41C245-C7A1-4074-B689-29846AE8989B}.SingleImage|Mixed Platforms.Build.0 = Release|Any CPU
		{7D41C245-C7A1-4074-B689-29846AE8989B}.SingleImage|x86.ActiveCfg = Release|Any CPU
		{7D41C245-C7A1-4074-B689-29846AE8989B}.SingleImage|x86.Build.0 = Release|Any CPU
		{89362B3E-116E-4E71-A098-657101D78E4A}.CD_ROM|Any CPU.ActiveCfg = Release|Any CPU
		{89362B3E-116E-4E71-A098-657101D78E4A}.CD_ROM|Any CPU.Build.0 = Release|Any CPU
		{89362B3E-116E-4E71-A098-657101D78E4A}.CD_ROM|Mixed Platforms.ActiveCfg = Release|Any CPU
		{89362B3E-116E-4E71-A098-657101D78E4A}.CD_ROM|Mixed Platforms.Build.0 = Release|Any CPU
		{89362B3E-116E-4E71-A098-657101D78E4A}.CD_ROM|x86.ActiveCfg = Release|Any CPU
		{89362B3E-116E-4E71-A098-657101D78E4A}.CD_ROM|x86.Build.0 = Release|Any CPU
		{89362B3E-116E-4E71-A098-657101D78E4A}.Debug|Any CPU.ActiveCfg = Debug|Any CPU
		{89362B3E-116E-4E71-A098-657101D78E4A}.Debug|Any CPU.Build.0 = Debug|Any CPU
		{89362B3E-116E-4E71-A098-657101D78E4A}.Debug|Mixed Platforms.ActiveCfg = Debug|Any CPU
		{89362B3E-116E-4E71-A098-657101D78E4A}.Debug|Mixed Platforms.Build.0 = Debug|Any CPU
		{89362B3E-116E-4E71-A098-657101D78E4A}.Debug|x86.ActiveCfg = Debug|Any CPU
		{89362B3E-116E-4E71-A098-657101D78E4A}.Debug|x86.Build.0 = Debug|Any CPU
		{89362B3E-116E-4E71-A098-657101D78E4A}.DVD-5|Any CPU.ActiveCfg = Debug|Any CPU
		{89362B3E-116E-4E71-A098-657101D78E4A}.DVD-5|Any CPU.Build.0 = Debug|Any CPU
		{89362B3E-116E-4E71-A098-657101D78E4A}.DVD-5|Mixed Platforms.ActiveCfg = Debug|Any CPU
		{89362B3E-116E-4E71-A098-657101D78E4A}.DVD-5|Mixed Platforms.Build.0 = Debug|Any CPU
		{89362B3E-116E-4E71-A098-657101D78E4A}.DVD-5|x86.ActiveCfg = Debug|Any CPU
		{89362B3E-116E-4E71-A098-657101D78E4A}.DVD-5|x86.Build.0 = Debug|Any CPU
		{89362B3E-116E-4E71-A098-657101D78E4A}.Release|Any CPU.ActiveCfg = Release|Any CPU
		{89362B3E-116E-4E71-A098-657101D78E4A}.Release|Any CPU.Build.0 = Release|Any CPU
		{89362B3E-116E-4E71-A098-657101D78E4A}.Release|Mixed Platforms.ActiveCfg = Release|Any CPU
		{89362B3E-116E-4E71-A098-657101D78E4A}.Release|Mixed Platforms.Build.0 = Release|Any CPU
		{89362B3E-116E-4E71-A098-657101D78E4A}.Release|x86.ActiveCfg = Release|Any CPU
		{89362B3E-116E-4E71-A098-657101D78E4A}.SingleImage|Any CPU.ActiveCfg = Release|Any CPU
		{89362B3E-116E-4E71-A098-657101D78E4A}.SingleImage|Any CPU.Build.0 = Release|Any CPU
		{89362B3E-116E-4E71-A098-657101D78E4A}.SingleImage|Mixed Platforms.ActiveCfg = Release|Any CPU
		{89362B3E-116E-4E71-A098-657101D78E4A}.SingleImage|Mixed Platforms.Build.0 = Release|Any CPU
		{89362B3E-116E-4E71-A098-657101D78E4A}.SingleImage|x86.ActiveCfg = Release|Any CPU
		{89362B3E-116E-4E71-A098-657101D78E4A}.SingleImage|x86.Build.0 = Release|Any CPU
		{71DE289D-6221-4E0F-A2D4-A7B2E1CB65B2}.CD_ROM|Any CPU.ActiveCfg = Release|Any CPU
		{71DE289D-6221-4E0F-A2D4-A7B2E1CB65B2}.CD_ROM|Any CPU.Build.0 = Release|Any CPU
		{71DE289D-6221-4E0F-A2D4-A7B2E1CB65B2}.CD_ROM|Mixed Platforms.ActiveCfg = Release|Any CPU
		{71DE289D-6221-4E0F-A2D4-A7B2E1CB65B2}.CD_ROM|Mixed Platforms.Build.0 = Release|Any CPU
		{71DE289D-6221-4E0F-A2D4-A7B2E1CB65B2}.CD_ROM|x86.ActiveCfg = Release|Any CPU
		{71DE289D-6221-4E0F-A2D4-A7B2E1CB65B2}.CD_ROM|x86.Build.0 = Release|Any CPU
		{71DE289D-6221-4E0F-A2D4-A7B2E1CB65B2}.Debug|Any CPU.ActiveCfg = Debug|Any CPU
		{71DE289D-6221-4E0F-A2D4-A7B2E1CB65B2}.Debug|Any CPU.Build.0 = Debug|Any CPU
		{71DE289D-6221-4E0F-A2D4-A7B2E1CB65B2}.Debug|Mixed Platforms.ActiveCfg = Debug|Any CPU
		{71DE289D-6221-4E0F-A2D4-A7B2E1CB65B2}.Debug|Mixed Platforms.Build.0 = Debug|Any CPU
		{71DE289D-6221-4E0F-A2D4-A7B2E1CB65B2}.Debug|x86.ActiveCfg = Debug|Any CPU
		{71DE289D-6221-4E0F-A2D4-A7B2E1CB65B2}.Debug|x86.Build.0 = Debug|Any CPU
		{71DE289D-6221-4E0F-A2D4-A7B2E1CB65B2}.DVD-5|Any CPU.ActiveCfg = Debug|Any CPU
		{71DE289D-6221-4E0F-A2D4-A7B2E1CB65B2}.DVD-5|Any CPU.Build.0 = Debug|Any CPU
		{71DE289D-6221-4E0F-A2D4-A7B2E1CB65B2}.DVD-5|Mixed Platforms.ActiveCfg = Debug|Any CPU
		{71DE289D-6221-4E0F-A2D4-A7B2E1CB65B2}.DVD-5|Mixed Platforms.Build.0 = Debug|Any CPU
		{71DE289D-6221-4E0F-A2D4-A7B2E1CB65B2}.DVD-5|x86.ActiveCfg = Debug|Any CPU
		{71DE289D-6221-4E0F-A2D4-A7B2E1CB65B2}.DVD-5|x86.Build.0 = Debug|Any CPU
		{71DE289D-6221-4E0F-A2D4-A7B2E1CB65B2}.Release|Any CPU.ActiveCfg = Release|Any CPU
		{71DE289D-6221-4E0F-A2D4-A7B2E1CB65B2}.Release|Any CPU.Build.0 = Release|Any CPU
		{71DE289D-6221-4E0F-A2D4-A7B2E1CB65B2}.Release|Mixed Platforms.ActiveCfg = Release|Any CPU
		{71DE289D-6221-4E0F-A2D4-A7B2E1CB65B2}.Release|Mixed Platforms.Build.0 = Release|Any CPU
		{71DE289D-6221-4E0F-A2D4-A7B2E1CB65B2}.Release|x86.ActiveCfg = Release|Any CPU
		{71DE289D-6221-4E0F-A2D4-A7B2E1CB65B2}.SingleImage|Any CPU.ActiveCfg = Release|Any CPU
		{71DE289D-6221-4E0F-A2D4-A7B2E1CB65B2}.SingleImage|Any CPU.Build.0 = Release|Any CPU
		{71DE289D-6221-4E0F-A2D4-A7B2E1CB65B2}.SingleImage|Mixed Platforms.ActiveCfg = Release|Any CPU
		{71DE289D-6221-4E0F-A2D4-A7B2E1CB65B2}.SingleImage|Mixed Platforms.Build.0 = Release|Any CPU
		{71DE289D-6221-4E0F-A2D4-A7B2E1CB65B2}.SingleImage|x86.ActiveCfg = Release|Any CPU
		{71DE289D-6221-4E0F-A2D4-A7B2E1CB65B2}.SingleImage|x86.Build.0 = Release|Any CPU
		{CCC4051E-9B2C-4DD1-92BF-D4FDB959F077}.CD_ROM|Any CPU.ActiveCfg = Release|Any CPU
		{CCC4051E-9B2C-4DD1-92BF-D4FDB959F077}.CD_ROM|Any CPU.Build.0 = Release|Any CPU
		{CCC4051E-9B2C-4DD1-92BF-D4FDB959F077}.CD_ROM|Mixed Platforms.ActiveCfg = Release|Any CPU
		{CCC4051E-9B2C-4DD1-92BF-D4FDB959F077}.CD_ROM|Mixed Platforms.Build.0 = Release|Any CPU
		{CCC4051E-9B2C-4DD1-92BF-D4FDB959F077}.CD_ROM|x86.ActiveCfg = Release|Any CPU
		{CCC4051E-9B2C-4DD1-92BF-D4FDB959F077}.CD_ROM|x86.Build.0 = Release|Any CPU
		{CCC4051E-9B2C-4DD1-92BF-D4FDB959F077}.Debug|Any CPU.ActiveCfg = Debug|Any CPU
		{CCC4051E-9B2C-4DD1-92BF-D4FDB959F077}.Debug|Any CPU.Build.0 = Debug|Any CPU
		{CCC4051E-9B2C-4DD1-92BF-D4FDB959F077}.Debug|Mixed Platforms.ActiveCfg = Debug|Any CPU
		{CCC4051E-9B2C-4DD1-92BF-D4FDB959F077}.Debug|Mixed Platforms.Build.0 = Debug|Any CPU
		{CCC4051E-9B2C-4DD1-92BF-D4FDB959F077}.Debug|x86.ActiveCfg = Debug|Any CPU
		{CCC4051E-9B2C-4DD1-92BF-D4FDB959F077}.Debug|x86.Build.0 = Debug|Any CPU
		{CCC4051E-9B2C-4DD1-92BF-D4FDB959F077}.DVD-5|Any CPU.ActiveCfg = Debug|Any CPU
		{CCC4051E-9B2C-4DD1-92BF-D4FDB959F077}.DVD-5|Any CPU.Build.0 = Debug|Any CPU
		{CCC4051E-9B2C-4DD1-92BF-D4FDB959F077}.DVD-5|Mixed Platforms.ActiveCfg = Debug|Any CPU
		{CCC4051E-9B2C-4DD1-92BF-D4FDB959F077}.DVD-5|Mixed Platforms.Build.0 = Debug|Any CPU
		{CCC4051E-9B2C-4DD1-92BF-D4FDB959F077}.DVD-5|x86.ActiveCfg = Debug|Any CPU
		{CCC4051E-9B2C-4DD1-92BF-D4FDB959F077}.DVD-5|x86.Build.0 = Debug|Any CPU
		{CCC4051E-9B2C-4DD1-92BF-D4FDB959F077}.Release|Any CPU.ActiveCfg = Release|Any CPU
		{CCC4051E-9B2C-4DD1-92BF-D4FDB959F077}.Release|Any CPU.Build.0 = Release|Any CPU
		{CCC4051E-9B2C-4DD1-92BF-D4FDB959F077}.Release|Mixed Platforms.ActiveCfg = Release|Any CPU
		{CCC4051E-9B2C-4DD1-92BF-D4FDB959F077}.Release|Mixed Platforms.Build.0 = Release|Any CPU
		{CCC4051E-9B2C-4DD1-92BF-D4FDB959F077}.Release|x86.ActiveCfg = Release|Any CPU
		{CCC4051E-9B2C-4DD1-92BF-D4FDB959F077}.SingleImage|Any CPU.ActiveCfg = Release|Any CPU
		{CCC4051E-9B2C-4DD1-92BF-D4FDB959F077}.SingleImage|Any CPU.Build.0 = Release|Any CPU
		{CCC4051E-9B2C-4DD1-92BF-D4FDB959F077}.SingleImage|Mixed Platforms.ActiveCfg = Release|Any CPU
		{CCC4051E-9B2C-4DD1-92BF-D4FDB959F077}.SingleImage|Mixed Platforms.Build.0 = Release|Any CPU
		{CCC4051E-9B2C-4DD1-92BF-D4FDB959F077}.SingleImage|x86.ActiveCfg = Release|Any CPU
		{CCC4051E-9B2C-4DD1-92BF-D4FDB959F077}.SingleImage|x86.Build.0 = Release|Any CPU
		{8494DB1E-87C4-43A5-9693-7BBADA21000C}.CD_ROM|Any CPU.ActiveCfg = Release|Any CPU
		{8494DB1E-87C4-43A5-9693-7BBADA21000C}.CD_ROM|Any CPU.Build.0 = Release|Any CPU
		{8494DB1E-87C4-43A5-9693-7BBADA21000C}.CD_ROM|Mixed Platforms.ActiveCfg = Release|Any CPU
		{8494DB1E-87C4-43A5-9693-7BBADA21000C}.CD_ROM|Mixed Platforms.Build.0 = Release|Any CPU
		{8494DB1E-87C4-43A5-9693-7BBADA21000C}.CD_ROM|x86.ActiveCfg = Release|Any CPU
		{8494DB1E-87C4-43A5-9693-7BBADA21000C}.CD_ROM|x86.Build.0 = Release|Any CPU
		{8494DB1E-87C4-43A5-9693-7BBADA21000C}.Debug|Any CPU.ActiveCfg = Debug|Any CPU
		{8494DB1E-87C4-43A5-9693-7BBADA21000C}.Debug|Any CPU.Build.0 = Debug|Any CPU
		{8494DB1E-87C4-43A5-9693-7BBADA21000C}.Debug|Mixed Platforms.ActiveCfg = Debug|Any CPU
		{8494DB1E-87C4-43A5-9693-7BBADA21000C}.Debug|Mixed Platforms.Build.0 = Debug|Any CPU
		{8494DB1E-87C4-43A5-9693-7BBADA21000C}.Debug|x86.ActiveCfg = Debug|Any CPU
		{8494DB1E-87C4-43A5-9693-7BBADA21000C}.Debug|x86.Build.0 = Debug|Any CPU
		{8494DB1E-87C4-43A5-9693-7BBADA21000C}.DVD-5|Any CPU.ActiveCfg = Debug|Any CPU
		{8494DB1E-87C4-43A5-9693-7BBADA21000C}.DVD-5|Any CPU.Build.0 = Debug|Any CPU
		{8494DB1E-87C4-43A5-9693-7BBADA21000C}.DVD-5|Mixed Platforms.ActiveCfg = Debug|Any CPU
		{8494DB1E-87C4-43A5-9693-7BBADA21000C}.DVD-5|Mixed Platforms.Build.0 = Debug|Any CPU
		{8494DB1E-87C4-43A5-9693-7BBADA21000C}.DVD-5|x86.ActiveCfg = Debug|Any CPU
		{8494DB1E-87C4-43A5-9693-7BBADA21000C}.DVD-5|x86.Build.0 = Debug|Any CPU
		{8494DB1E-87C4-43A5-9693-7BBADA21000C}.Release|Any CPU.ActiveCfg = Release|Any CPU
		{8494DB1E-87C4-43A5-9693-7BBADA21000C}.Release|Any CPU.Build.0 = Release|Any CPU
		{8494DB1E-87C4-43A5-9693-7BBADA21000C}.Release|Mixed Platforms.ActiveCfg = Release|Any CPU
		{8494DB1E-87C4-43A5-9693-7BBADA21000C}.Release|Mixed Platforms.Build.0 = Release|Any CPU
		{8494DB1E-87C4-43A5-9693-7BBADA21000C}.Release|x86.ActiveCfg = Release|Any CPU
		{8494DB1E-87C4-43A5-9693-7BBADA21000C}.SingleImage|Any CPU.ActiveCfg = Release|Any CPU
		{8494DB1E-87C4-43A5-9693-7BBADA21000C}.SingleImage|Any CPU.Build.0 = Release|Any CPU
		{8494DB1E-87C4-43A5-9693-7BBADA21000C}.SingleImage|Mixed Platforms.ActiveCfg = Release|Any CPU
		{8494DB1E-87C4-43A5-9693-7BBADA21000C}.SingleImage|Mixed Platforms.Build.0 = Release|Any CPU
		{8494DB1E-87C4-43A5-9693-7BBADA21000C}.SingleImage|x86.ActiveCfg = Release|Any CPU
		{8494DB1E-87C4-43A5-9693-7BBADA21000C}.SingleImage|x86.Build.0 = Release|Any CPU
		{261A918E-473A-4283-8174-C6F731ABCC50}.CD_ROM|Any CPU.ActiveCfg = Release|x86
		{261A918E-473A-4283-8174-C6F731ABCC50}.CD_ROM|Any CPU.Build.0 = Release|x86
		{261A918E-473A-4283-8174-C6F731ABCC50}.CD_ROM|Mixed Platforms.ActiveCfg = Release|x86
		{261A918E-473A-4283-8174-C6F731ABCC50}.CD_ROM|Mixed Platforms.Build.0 = Release|x86
		{261A918E-473A-4283-8174-C6F731ABCC50}.CD_ROM|x86.ActiveCfg = Release|x86
		{261A918E-473A-4283-8174-C6F731ABCC50}.CD_ROM|x86.Build.0 = Release|x86
		{261A918E-473A-4283-8174-C6F731ABCC50}.Debug|Any CPU.ActiveCfg = Debug|x86
		{261A918E-473A-4283-8174-C6F731ABCC50}.Debug|Mixed Platforms.ActiveCfg = Debug|x86
		{261A918E-473A-4283-8174-C6F731ABCC50}.Debug|Mixed Platforms.Build.0 = Debug|x86
		{261A918E-473A-4283-8174-C6F731ABCC50}.Debug|x86.ActiveCfg = Debug|x86
		{261A918E-473A-4283-8174-C6F731ABCC50}.Debug|x86.Build.0 = Debug|x86
		{261A918E-473A-4283-8174-C6F731ABCC50}.DVD-5|Any CPU.ActiveCfg = Release|x86
		{261A918E-473A-4283-8174-C6F731ABCC50}.DVD-5|Any CPU.Build.0 = Release|x86
		{261A918E-473A-4283-8174-C6F731ABCC50}.DVD-5|Mixed Platforms.ActiveCfg = Debug|x86
		{261A918E-473A-4283-8174-C6F731ABCC50}.DVD-5|Mixed Platforms.Build.0 = Debug|x86
		{261A918E-473A-4283-8174-C6F731ABCC50}.DVD-5|x86.ActiveCfg = Debug|x86
		{261A918E-473A-4283-8174-C6F731ABCC50}.DVD-5|x86.Build.0 = Debug|x86
		{261A918E-473A-4283-8174-C6F731ABCC50}.Release|Any CPU.ActiveCfg = Release|x86
		{261A918E-473A-4283-8174-C6F731ABCC50}.Release|Mixed Platforms.ActiveCfg = Release|x86
		{261A918E-473A-4283-8174-C6F731ABCC50}.Release|Mixed Platforms.Build.0 = Release|x86
		{261A918E-473A-4283-8174-C6F731ABCC50}.Release|x86.ActiveCfg = Release|x86
		{261A918E-473A-4283-8174-C6F731ABCC50}.Release|x86.Build.0 = Release|x86
		{261A918E-473A-4283-8174-C6F731ABCC50}.SingleImage|Any CPU.ActiveCfg = Release|x86
		{261A918E-473A-4283-8174-C6F731ABCC50}.SingleImage|Any CPU.Build.0 = Release|x86
		{261A918E-473A-4283-8174-C6F731ABCC50}.SingleImage|Mixed Platforms.ActiveCfg = Release|x86
		{261A918E-473A-4283-8174-C6F731ABCC50}.SingleImage|Mixed Platforms.Build.0 = Release|x86
		{261A918E-473A-4283-8174-C6F731ABCC50}.SingleImage|x86.ActiveCfg = Release|x86
		{261A918E-473A-4283-8174-C6F731ABCC50}.SingleImage|x86.Build.0 = Release|x86
		{695A088F-0592-4C1C-901D-69D8C6E6F6D9}.CD_ROM|Any CPU.ActiveCfg = Release|Any CPU
		{695A088F-0592-4C1C-901D-69D8C6E6F6D9}.CD_ROM|Any CPU.Build.0 = Release|Any CPU
		{695A088F-0592-4C1C-901D-69D8C6E6F6D9}.CD_ROM|Mixed Platforms.ActiveCfg = Release|Any CPU
		{695A088F-0592-4C1C-901D-69D8C6E6F6D9}.CD_ROM|Mixed Platforms.Build.0 = Release|Any CPU
		{695A088F-0592-4C1C-901D-69D8C6E6F6D9}.CD_ROM|x86.ActiveCfg = Release|Any CPU
		{695A088F-0592-4C1C-901D-69D8C6E6F6D9}.CD_ROM|x86.Build.0 = Release|Any CPU
		{695A088F-0592-4C1C-901D-69D8C6E6F6D9}.Debug|Any CPU.ActiveCfg = Debug|Any CPU
		{695A088F-0592-4C1C-901D-69D8C6E6F6D9}.Debug|Any CPU.Build.0 = Debug|Any CPU
		{695A088F-0592-4C1C-901D-69D8C6E6F6D9}.Debug|Mixed Platforms.ActiveCfg = Debug|Any CPU
		{695A088F-0592-4C1C-901D-69D8C6E6F6D9}.Debug|Mixed Platforms.Build.0 = Debug|Any CPU
		{695A088F-0592-4C1C-901D-69D8C6E6F6D9}.Debug|x86.ActiveCfg = Debug|Any CPU
		{695A088F-0592-4C1C-901D-69D8C6E6F6D9}.Debug|x86.Build.0 = Debug|Any CPU
		{695A088F-0592-4C1C-901D-69D8C6E6F6D9}.DVD-5|Any CPU.ActiveCfg = Debug|Any CPU
		{695A088F-0592-4C1C-901D-69D8C6E6F6D9}.DVD-5|Any CPU.Build.0 = Debug|Any CPU
		{695A088F-0592-4C1C-901D-69D8C6E6F6D9}.DVD-5|Mixed Platforms.ActiveCfg = Debug|Any CPU
		{695A088F-0592-4C1C-901D-69D8C6E6F6D9}.DVD-5|Mixed Platforms.Build.0 = Debug|Any CPU
		{695A088F-0592-4C1C-901D-69D8C6E6F6D9}.DVD-5|x86.ActiveCfg = Debug|Any CPU
		{695A088F-0592-4C1C-901D-69D8C6E6F6D9}.DVD-5|x86.Build.0 = Debug|Any CPU
		{695A088F-0592-4C1C-901D-69D8C6E6F6D9}.Release|Any CPU.ActiveCfg = Release|Any CPU
		{695A088F-0592-4C1C-901D-69D8C6E6F6D9}.Release|Any CPU.Build.0 = Release|Any CPU
		{695A088F-0592-4C1C-901D-69D8C6E6F6D9}.Release|Mixed Platforms.ActiveCfg = Release|Any CPU
		{695A088F-0592-4C1C-901D-69D8C6E6F6D9}.Release|Mixed Platforms.Build.0 = Release|Any CPU
		{695A088F-0592-4C1C-901D-69D8C6E6F6D9}.Release|x86.ActiveCfg = Release|Any CPU
		{695A088F-0592-4C1C-901D-69D8C6E6F6D9}.SingleImage|Any CPU.ActiveCfg = Release|Any CPU
		{695A088F-0592-4C1C-901D-69D8C6E6F6D9}.SingleImage|Any CPU.Build.0 = Release|Any CPU
		{695A088F-0592-4C1C-901D-69D8C6E6F6D9}.SingleImage|Mixed Platforms.ActiveCfg = Release|Any CPU
		{695A088F-0592-4C1C-901D-69D8C6E6F6D9}.SingleImage|Mixed Platforms.Build.0 = Release|Any CPU
		{695A088F-0592-4C1C-901D-69D8C6E6F6D9}.SingleImage|x86.ActiveCfg = Release|Any CPU
		{695A088F-0592-4C1C-901D-69D8C6E6F6D9}.SingleImage|x86.Build.0 = Release|Any CPU
		{39F56BFA-92DC-42EA-AA86-AE48344561B3}.CD_ROM|Any CPU.ActiveCfg = Release|x86
		{39F56BFA-92DC-42EA-AA86-AE48344561B3}.CD_ROM|Any CPU.Build.0 = Release|x86
		{39F56BFA-92DC-42EA-AA86-AE48344561B3}.CD_ROM|Mixed Platforms.ActiveCfg = Release|x86
		{39F56BFA-92DC-42EA-AA86-AE48344561B3}.CD_ROM|Mixed Platforms.Build.0 = Release|x86
		{39F56BFA-92DC-42EA-AA86-AE48344561B3}.CD_ROM|x86.ActiveCfg = Release|x86
		{39F56BFA-92DC-42EA-AA86-AE48344561B3}.CD_ROM|x86.Build.0 = Release|x86
		{39F56BFA-92DC-42EA-AA86-AE48344561B3}.Debug|Any CPU.ActiveCfg = Debug|x86
		{39F56BFA-92DC-42EA-AA86-AE48344561B3}.Debug|Mixed Platforms.ActiveCfg = Debug|x86
		{39F56BFA-92DC-42EA-AA86-AE48344561B3}.Debug|Mixed Platforms.Build.0 = Debug|x86
		{39F56BFA-92DC-42EA-AA86-AE48344561B3}.Debug|x86.ActiveCfg = Debug|x86
		{39F56BFA-92DC-42EA-AA86-AE48344561B3}.Debug|x86.Build.0 = Debug|x86
		{39F56BFA-92DC-42EA-AA86-AE48344561B3}.DVD-5|Any CPU.ActiveCfg = Release|x86
		{39F56BFA-92DC-42EA-AA86-AE48344561B3}.DVD-5|Any CPU.Build.0 = Release|x86
		{39F56BFA-92DC-42EA-AA86-AE48344561B3}.DVD-5|Mixed Platforms.ActiveCfg = Debug|x86
		{39F56BFA-92DC-42EA-AA86-AE48344561B3}.DVD-5|Mixed Platforms.Build.0 = Debug|x86
		{39F56BFA-92DC-42EA-AA86-AE48344561B3}.DVD-5|x86.ActiveCfg = Debug|x86
		{39F56BFA-92DC-42EA-AA86-AE48344561B3}.DVD-5|x86.Build.0 = Debug|x86
		{39F56BFA-92DC-42EA-AA86-AE48344561B3}.Release|Any CPU.ActiveCfg = Release|x86
		{39F56BFA-92DC-42EA-AA86-AE48344561B3}.Release|Mixed Platforms.ActiveCfg = Release|x86
		{39F56BFA-92DC-42EA-AA86-AE48344561B3}.Release|Mixed Platforms.Build.0 = Release|x86
		{39F56BFA-92DC-42EA-AA86-AE48344561B3}.Release|x86.ActiveCfg = Release|x86
		{39F56BFA-92DC-42EA-AA86-AE48344561B3}.Release|x86.Build.0 = Release|x86
		{39F56BFA-92DC-42EA-AA86-AE48344561B3}.SingleImage|Any CPU.ActiveCfg = Release|x86
		{39F56BFA-92DC-42EA-AA86-AE48344561B3}.SingleImage|Any CPU.Build.0 = Release|x86
		{39F56BFA-92DC-42EA-AA86-AE48344561B3}.SingleImage|Mixed Platforms.ActiveCfg = Release|x86
		{39F56BFA-92DC-42EA-AA86-AE48344561B3}.SingleImage|Mixed Platforms.Build.0 = Release|x86
		{39F56BFA-92DC-42EA-AA86-AE48344561B3}.SingleImage|x86.ActiveCfg = Release|x86
		{39F56BFA-92DC-42EA-AA86-AE48344561B3}.SingleImage|x86.Build.0 = Release|x86
		{294BEEFB-75D7-43B5-8C67-AE27356155E7}.CD_ROM|Any CPU.ActiveCfg = Release|Any CPU
		{294BEEFB-75D7-43B5-8C67-AE27356155E7}.CD_ROM|Any CPU.Build.0 = Release|Any CPU
		{294BEEFB-75D7-43B5-8C67-AE27356155E7}.CD_ROM|Mixed Platforms.ActiveCfg = Release|Any CPU
		{294BEEFB-75D7-43B5-8C67-AE27356155E7}.CD_ROM|Mixed Platforms.Build.0 = Release|Any CPU
		{294BEEFB-75D7-43B5-8C67-AE27356155E7}.CD_ROM|x86.ActiveCfg = Release|Any CPU
		{294BEEFB-75D7-43B5-8C67-AE27356155E7}.CD_ROM|x86.Build.0 = Release|Any CPU
		{294BEEFB-75D7-43B5-8C67-AE27356155E7}.Debug|Any CPU.ActiveCfg = Debug|Any CPU
		{294BEEFB-75D7-43B5-8C67-AE27356155E7}.Debug|Any CPU.Build.0 = Debug|Any CPU
		{294BEEFB-75D7-43B5-8C67-AE27356155E7}.Debug|Mixed Platforms.ActiveCfg = Debug|Any CPU
		{294BEEFB-75D7-43B5-8C67-AE27356155E7}.Debug|Mixed Platforms.Build.0 = Debug|Any CPU
		{294BEEFB-75D7-43B5-8C67-AE27356155E7}.Debug|x86.ActiveCfg = Debug|Any CPU
		{294BEEFB-75D7-43B5-8C67-AE27356155E7}.Debug|x86.Build.0 = Debug|Any CPU
		{294BEEFB-75D7-43B5-8C67-AE27356155E7}.DVD-5|Any CPU.ActiveCfg = Debug|Any CPU
		{294BEEFB-75D7-43B5-8C67-AE27356155E7}.DVD-5|Any CPU.Build.0 = Debug|Any CPU
		{294BEEFB-75D7-43B5-8C67-AE27356155E7}.DVD-5|Mixed Platforms.ActiveCfg = Debug|Any CPU
		{294BEEFB-75D7-43B5-8C67-AE27356155E7}.DVD-5|Mixed Platforms.Build.0 = Debug|Any CPU
		{294BEEFB-75D7-43B5-8C67-AE27356155E7}.DVD-5|x86.ActiveCfg = Debug|Any CPU
		{294BEEFB-75D7-43B5-8C67-AE27356155E7}.DVD-5|x86.Build.0 = Debug|Any CPU
		{294BEEFB-75D7-43B5-8C67-AE27356155E7}.Release|Any CPU.ActiveCfg = Release|Any CPU
		{294BEEFB-75D7-43B5-8C67-AE27356155E7}.Release|Any CPU.Build.0 = Release|Any CPU
		{294BEEFB-75D7-43B5-8C67-AE27356155E7}.Release|Mixed Platforms.ActiveCfg = Release|Any CPU
		{294BEEFB-75D7-43B5-8C67-AE27356155E7}.Release|Mixed Platforms.Build.0 = Release|Any CPU
		{294BEEFB-75D7-43B5-8C67-AE27356155E7}.Release|x86.ActiveCfg = Release|Any CPU
		{294BEEFB-75D7-43B5-8C67-AE27356155E7}.SingleImage|Any CPU.ActiveCfg = Release|Any CPU
		{294BEEFB-75D7-43B5-8C67-AE27356155E7}.SingleImage|Any CPU.Build.0 = Release|Any CPU
		{294BEEFB-75D7-43B5-8C67-AE27356155E7}.SingleImage|Mixed Platforms.ActiveCfg = Release|Any CPU
		{294BEEFB-75D7-43B5-8C67-AE27356155E7}.SingleImage|Mixed Platforms.Build.0 = Release|Any CPU
		{294BEEFB-75D7-43B5-8C67-AE27356155E7}.SingleImage|x86.ActiveCfg = Release|Any CPU
		{294BEEFB-75D7-43B5-8C67-AE27356155E7}.SingleImage|x86.Build.0 = Release|Any CPU
		{DF903017-CA0F-430A-A9AA-4DDC4C355449}.CD_ROM|Any CPU.ActiveCfg = Release|Any CPU
		{DF903017-CA0F-430A-A9AA-4DDC4C355449}.CD_ROM|Any CPU.Build.0 = Release|Any CPU
		{DF903017-CA0F-430A-A9AA-4DDC4C355449}.CD_ROM|Mixed Platforms.ActiveCfg = Release|Any CPU
		{DF903017-CA0F-430A-A9AA-4DDC4C355449}.CD_ROM|Mixed Platforms.Build.0 = Release|Any CPU
		{DF903017-CA0F-430A-A9AA-4DDC4C355449}.CD_ROM|x86.ActiveCfg = Release|Any CPU
		{DF903017-CA0F-430A-A9AA-4DDC4C355449}.CD_ROM|x86.Build.0 = Release|Any CPU
		{DF903017-CA0F-430A-A9AA-4DDC4C355449}.Debug|Any CPU.ActiveCfg = Debug|Any CPU
		{DF903017-CA0F-430A-A9AA-4DDC4C355449}.Debug|Any CPU.Build.0 = Debug|Any CPU
		{DF903017-CA0F-430A-A9AA-4DDC4C355449}.Debug|Mixed Platforms.ActiveCfg = Debug|Any CPU
		{DF903017-CA0F-430A-A9AA-4DDC4C355449}.Debug|Mixed Platforms.Build.0 = Debug|Any CPU
		{DF903017-CA0F-430A-A9AA-4DDC4C355449}.Debug|x86.ActiveCfg = Debug|Any CPU
		{DF903017-CA0F-430A-A9AA-4DDC4C355449}.Debug|x86.Build.0 = Debug|Any CPU
		{DF903017-CA0F-430A-A9AA-4DDC4C355449}.DVD-5|Any CPU.ActiveCfg = Debug|Any CPU
		{DF903017-CA0F-430A-A9AA-4DDC4C355449}.DVD-5|Any CPU.Build.0 = Debug|Any CPU
		{DF903017-CA0F-430A-A9AA-4DDC4C355449}.DVD-5|Mixed Platforms.ActiveCfg = Debug|Any CPU
		{DF903017-CA0F-430A-A9AA-4DDC4C355449}.DVD-5|Mixed Platforms.Build.0 = Debug|Any CPU
		{DF903017-CA0F-430A-A9AA-4DDC4C355449}.DVD-5|x86.ActiveCfg = Debug|Any CPU
		{DF903017-CA0F-430A-A9AA-4DDC4C355449}.DVD-5|x86.Build.0 = Debug|Any CPU
		{DF903017-CA0F-430A-A9AA-4DDC4C355449}.Release|Any CPU.ActiveCfg = Release|Any CPU
		{DF903017-CA0F-430A-A9AA-4DDC4C355449}.Release|Any CPU.Build.0 = Release|Any CPU
		{DF903017-CA0F-430A-A9AA-4DDC4C355449}.Release|Mixed Platforms.ActiveCfg = Release|Any CPU
		{DF903017-CA0F-430A-A9AA-4DDC4C355449}.Release|Mixed Platforms.Build.0 = Release|Any CPU
		{DF903017-CA0F-430A-A9AA-4DDC4C355449}.Release|x86.ActiveCfg = Release|Any CPU
		{DF903017-CA0F-430A-A9AA-4DDC4C355449}.SingleImage|Any CPU.ActiveCfg = Release|Any CPU
		{DF903017-CA0F-430A-A9AA-4DDC4C355449}.SingleImage|Any CPU.Build.0 = Release|Any CPU
		{DF903017-CA0F-430A-A9AA-4DDC4C355449}.SingleImage|Mixed Platforms.ActiveCfg = Release|Any CPU
		{DF903017-CA0F-430A-A9AA-4DDC4C355449}.SingleImage|Mixed Platforms.Build.0 = Release|Any CPU
		{DF903017-CA0F-430A-A9AA-4DDC4C355449}.SingleImage|x86.ActiveCfg = Release|Any CPU
		{DF903017-CA0F-430A-A9AA-4DDC4C355449}.SingleImage|x86.Build.0 = Release|Any CPU
		{72760BD2-E016-491E-A210-F0A57509AE18}.CD_ROM|Any CPU.ActiveCfg = Release|Any CPU
		{72760BD2-E016-491E-A210-F0A57509AE18}.CD_ROM|Any CPU.Build.0 = Release|Any CPU
		{72760BD2-E016-491E-A210-F0A57509AE18}.CD_ROM|Mixed Platforms.ActiveCfg = Release|Any CPU
		{72760BD2-E016-491E-A210-F0A57509AE18}.CD_ROM|Mixed Platforms.Build.0 = Release|Any CPU
		{72760BD2-E016-491E-A210-F0A57509AE18}.CD_ROM|x86.ActiveCfg = Release|Any CPU
		{72760BD2-E016-491E-A210-F0A57509AE18}.CD_ROM|x86.Build.0 = Release|Any CPU
		{72760BD2-E016-491E-A210-F0A57509AE18}.Debug|Any CPU.ActiveCfg = Debug|Any CPU
		{72760BD2-E016-491E-A210-F0A57509AE18}.Debug|Any CPU.Build.0 = Debug|Any CPU
		{72760BD2-E016-491E-A210-F0A57509AE18}.Debug|Mixed Platforms.ActiveCfg = Debug|Any CPU
		{72760BD2-E016-491E-A210-F0A57509AE18}.Debug|Mixed Platforms.Build.0 = Debug|Any CPU
		{72760BD2-E016-491E-A210-F0A57509AE18}.Debug|x86.ActiveCfg = Debug|Any CPU
		{72760BD2-E016-491E-A210-F0A57509AE18}.Debug|x86.Build.0 = Debug|Any CPU
		{72760BD2-E016-491E-A210-F0A57509AE18}.DVD-5|Any CPU.ActiveCfg = Debug|Any CPU
		{72760BD2-E016-491E-A210-F0A57509AE18}.DVD-5|Any CPU.Build.0 = Debug|Any CPU
		{72760BD2-E016-491E-A210-F0A57509AE18}.DVD-5|Mixed Platforms.ActiveCfg = Debug|Any CPU
		{72760BD2-E016-491E-A210-F0A57509AE18}.DVD-5|Mixed Platforms.Build.0 = Debug|Any CPU
		{72760BD2-E016-491E-A210-F0A57509AE18}.DVD-5|x86.ActiveCfg = Debug|Any CPU
		{72760BD2-E016-491E-A210-F0A57509AE18}.DVD-5|x86.Build.0 = Debug|Any CPU
		{72760BD2-E016-491E-A210-F0A57509AE18}.Release|Any CPU.ActiveCfg = Release|Any CPU
		{72760BD2-E016-491E-A210-F0A57509AE18}.Release|Any CPU.Build.0 = Release|Any CPU
		{72760BD2-E016-491E-A210-F0A57509AE18}.Release|Mixed Platforms.ActiveCfg = Release|Any CPU
		{72760BD2-E016-491E-A210-F0A57509AE18}.Release|Mixed Platforms.Build.0 = Release|Any CPU
		{72760BD2-E016-491E-A210-F0A57509AE18}.Release|x86.ActiveCfg = Release|Any CPU
		{72760BD2-E016-491E-A210-F0A57509AE18}.SingleImage|Any CPU.ActiveCfg = Release|Any CPU
		{72760BD2-E016-491E-A210-F0A57509AE18}.SingleImage|Any CPU.Build.0 = Release|Any CPU
		{72760BD2-E016-491E-A210-F0A57509AE18}.SingleImage|Mixed Platforms.ActiveCfg = Release|Any CPU
		{72760BD2-E016-491E-A210-F0A57509AE18}.SingleImage|Mixed Platforms.Build.0 = Release|Any CPU
		{72760BD2-E016-491E-A210-F0A57509AE18}.SingleImage|x86.ActiveCfg = Release|Any CPU
		{72760BD2-E016-491E-A210-F0A57509AE18}.SingleImage|x86.Build.0 = Release|Any CPU
		{EC4EB6FE-8F2E-406A-B3C2-169F9CBD7F2F}.CD_ROM|Any CPU.ActiveCfg = Release|Any CPU
		{EC4EB6FE-8F2E-406A-B3C2-169F9CBD7F2F}.CD_ROM|Any CPU.Build.0 = Release|Any CPU
		{EC4EB6FE-8F2E-406A-B3C2-169F9CBD7F2F}.CD_ROM|Mixed Platforms.ActiveCfg = Release|Any CPU
		{EC4EB6FE-8F2E-406A-B3C2-169F9CBD7F2F}.CD_ROM|Mixed Platforms.Build.0 = Release|Any CPU
		{EC4EB6FE-8F2E-406A-B3C2-169F9CBD7F2F}.CD_ROM|x86.ActiveCfg = Release|Any CPU
		{EC4EB6FE-8F2E-406A-B3C2-169F9CBD7F2F}.CD_ROM|x86.Build.0 = Release|Any CPU
		{EC4EB6FE-8F2E-406A-B3C2-169F9CBD7F2F}.Debug|Any CPU.ActiveCfg = Debug|Any CPU
		{EC4EB6FE-8F2E-406A-B3C2-169F9CBD7F2F}.Debug|Any CPU.Build.0 = Debug|Any CPU
		{EC4EB6FE-8F2E-406A-B3C2-169F9CBD7F2F}.Debug|Mixed Platforms.ActiveCfg = Debug|Any CPU
		{EC4EB6FE-8F2E-406A-B3C2-169F9CBD7F2F}.Debug|Mixed Platforms.Build.0 = Debug|Any CPU
		{EC4EB6FE-8F2E-406A-B3C2-169F9CBD7F2F}.Debug|x86.ActiveCfg = Debug|Any CPU
		{EC4EB6FE-8F2E-406A-B3C2-169F9CBD7F2F}.Debug|x86.Build.0 = Debug|Any CPU
		{EC4EB6FE-8F2E-406A-B3C2-169F9CBD7F2F}.DVD-5|Any CPU.ActiveCfg = Debug|Any CPU
		{EC4EB6FE-8F2E-406A-B3C2-169F9CBD7F2F}.DVD-5|Any CPU.Build.0 = Debug|Any CPU
		{EC4EB6FE-8F2E-406A-B3C2-169F9CBD7F2F}.DVD-5|Mixed Platforms.ActiveCfg = Debug|Any CPU
		{EC4EB6FE-8F2E-406A-B3C2-169F9CBD7F2F}.DVD-5|Mixed Platforms.Build.0 = Debug|Any CPU
		{EC4EB6FE-8F2E-406A-B3C2-169F9CBD7F2F}.DVD-5|x86.ActiveCfg = Debug|Any CPU
		{EC4EB6FE-8F2E-406A-B3C2-169F9CBD7F2F}.DVD-5|x86.Build.0 = Debug|Any CPU
		{EC4EB6FE-8F2E-406A-B3C2-169F9CBD7F2F}.Release|Any CPU.ActiveCfg = Release|Any CPU
		{EC4EB6FE-8F2E-406A-B3C2-169F9CBD7F2F}.Release|Any CPU.Build.0 = Release|Any CPU
		{EC4EB6FE-8F2E-406A-B3C2-169F9CBD7F2F}.Release|Mixed Platforms.ActiveCfg = Release|Any CPU
		{EC4EB6FE-8F2E-406A-B3C2-169F9CBD7F2F}.Release|Mixed Platforms.Build.0 = Release|Any CPU
		{EC4EB6FE-8F2E-406A-B3C2-169F9CBD7F2F}.Release|x86.ActiveCfg = Release|Any CPU
		{EC4EB6FE-8F2E-406A-B3C2-169F9CBD7F2F}.SingleImage|Any CPU.ActiveCfg = Release|Any CPU
		{EC4EB6FE-8F2E-406A-B3C2-169F9CBD7F2F}.SingleImage|Any CPU.Build.0 = Release|Any CPU
		{EC4EB6FE-8F2E-406A-B3C2-169F9CBD7F2F}.SingleImage|Mixed Platforms.ActiveCfg = Release|Any CPU
		{EC4EB6FE-8F2E-406A-B3C2-169F9CBD7F2F}.SingleImage|Mixed Platforms.Build.0 = Release|Any CPU
		{EC4EB6FE-8F2E-406A-B3C2-169F9CBD7F2F}.SingleImage|x86.ActiveCfg = Release|Any CPU
		{EC4EB6FE-8F2E-406A-B3C2-169F9CBD7F2F}.SingleImage|x86.Build.0 = Release|Any CPU
		{8E96A3C7-E91F-4EC1-AEC4-40041F55CAC8}.CD_ROM|Any CPU.ActiveCfg = Release|Any CPU
		{8E96A3C7-E91F-4EC1-AEC4-40041F55CAC8}.CD_ROM|Any CPU.Build.0 = Release|Any CPU
		{8E96A3C7-E91F-4EC1-AEC4-40041F55CAC8}.CD_ROM|Mixed Platforms.ActiveCfg = Release|Any CPU
		{8E96A3C7-E91F-4EC1-AEC4-40041F55CAC8}.CD_ROM|Mixed Platforms.Build.0 = Release|Any CPU
		{8E96A3C7-E91F-4EC1-AEC4-40041F55CAC8}.CD_ROM|x86.ActiveCfg = Release|Any CPU
		{8E96A3C7-E91F-4EC1-AEC4-40041F55CAC8}.CD_ROM|x86.Build.0 = Release|Any CPU
		{8E96A3C7-E91F-4EC1-AEC4-40041F55CAC8}.Debug|Any CPU.ActiveCfg = Debug|Any CPU
		{8E96A3C7-E91F-4EC1-AEC4-40041F55CAC8}.Debug|Any CPU.Build.0 = Debug|Any CPU
		{8E96A3C7-E91F-4EC1-AEC4-40041F55CAC8}.Debug|Mixed Platforms.ActiveCfg = Debug|Any CPU
		{8E96A3C7-E91F-4EC1-AEC4-40041F55CAC8}.Debug|Mixed Platforms.Build.0 = Debug|Any CPU
		{8E96A3C7-E91F-4EC1-AEC4-40041F55CAC8}.Debug|x86.ActiveCfg = Debug|Any CPU
		{8E96A3C7-E91F-4EC1-AEC4-40041F55CAC8}.Debug|x86.Build.0 = Debug|Any CPU
		{8E96A3C7-E91F-4EC1-AEC4-40041F55CAC8}.DVD-5|Any CPU.ActiveCfg = Debug|Any CPU
		{8E96A3C7-E91F-4EC1-AEC4-40041F55CAC8}.DVD-5|Any CPU.Build.0 = Debug|Any CPU
		{8E96A3C7-E91F-4EC1-AEC4-40041F55CAC8}.DVD-5|Mixed Platforms.ActiveCfg = Debug|Any CPU
		{8E96A3C7-E91F-4EC1-AEC4-40041F55CAC8}.DVD-5|Mixed Platforms.Build.0 = Debug|Any CPU
		{8E96A3C7-E91F-4EC1-AEC4-40041F55CAC8}.DVD-5|x86.ActiveCfg = Debug|Any CPU
		{8E96A3C7-E91F-4EC1-AEC4-40041F55CAC8}.DVD-5|x86.Build.0 = Debug|Any CPU
		{8E96A3C7-E91F-4EC1-AEC4-40041F55CAC8}.Release|Any CPU.ActiveCfg = Release|Any CPU
		{8E96A3C7-E91F-4EC1-AEC4-40041F55CAC8}.Release|Any CPU.Build.0 = Release|Any CPU
		{8E96A3C7-E91F-4EC1-AEC4-40041F55CAC8}.Release|Mixed Platforms.ActiveCfg = Release|Any CPU
		{8E96A3C7-E91F-4EC1-AEC4-40041F55CAC8}.Release|Mixed Platforms.Build.0 = Release|Any CPU
		{8E96A3C7-E91F-4EC1-AEC4-40041F55CAC8}.Release|x86.ActiveCfg = Release|Any CPU
		{8E96A3C7-E91F-4EC1-AEC4-40041F55CAC8}.SingleImage|Any CPU.ActiveCfg = Release|Any CPU
		{8E96A3C7-E91F-4EC1-AEC4-40041F55CAC8}.SingleImage|Any CPU.Build.0 = Release|Any CPU
		{8E96A3C7-E91F-4EC1-AEC4-40041F55CAC8}.SingleImage|Mixed Platforms.ActiveCfg = Release|Any CPU
		{8E96A3C7-E91F-4EC1-AEC4-40041F55CAC8}.SingleImage|Mixed Platforms.Build.0 = Release|Any CPU
		{8E96A3C7-E91F-4EC1-AEC4-40041F55CAC8}.SingleImage|x86.ActiveCfg = Release|Any CPU
		{8E96A3C7-E91F-4EC1-AEC4-40041F55CAC8}.SingleImage|x86.Build.0 = Release|Any CPU
		{3C62F7F6-F00D-4123-B84E-68C992B2C4ED}.CD_ROM|Any CPU.ActiveCfg = Release|Any CPU
		{3C62F7F6-F00D-4123-B84E-68C992B2C4ED}.CD_ROM|Any CPU.Build.0 = Release|Any CPU
		{3C62F7F6-F00D-4123-B84E-68C992B2C4ED}.CD_ROM|Mixed Platforms.ActiveCfg = Release|Any CPU
		{3C62F7F6-F00D-4123-B84E-68C992B2C4ED}.CD_ROM|Mixed Platforms.Build.0 = Release|Any CPU
		{3C62F7F6-F00D-4123-B84E-68C992B2C4ED}.CD_ROM|x86.ActiveCfg = Release|Any CPU
		{3C62F7F6-F00D-4123-B84E-68C992B2C4ED}.CD_ROM|x86.Build.0 = Release|Any CPU
		{3C62F7F6-F00D-4123-B84E-68C992B2C4ED}.Debug|Any CPU.ActiveCfg = Debug|Any CPU
		{3C62F7F6-F00D-4123-B84E-68C992B2C4ED}.Debug|Any CPU.Build.0 = Debug|Any CPU
		{3C62F7F6-F00D-4123-B84E-68C992B2C4ED}.Debug|Mixed Platforms.ActiveCfg = Debug|Any CPU
		{3C62F7F6-F00D-4123-B84E-68C992B2C4ED}.Debug|Mixed Platforms.Build.0 = Debug|Any CPU
		{3C62F7F6-F00D-4123-B84E-68C992B2C4ED}.Debug|x86.ActiveCfg = Debug|Any CPU
		{3C62F7F6-F00D-4123-B84E-68C992B2C4ED}.Debug|x86.Build.0 = Debug|Any CPU
		{3C62F7F6-F00D-4123-B84E-68C992B2C4ED}.DVD-5|Any CPU.ActiveCfg = Debug|Any CPU
		{3C62F7F6-F00D-4123-B84E-68C992B2C4ED}.DVD-5|Any CPU.Build.0 = Debug|Any CPU
		{3C62F7F6-F00D-4123-B84E-68C992B2C4ED}.DVD-5|Mixed Platforms.ActiveCfg = Debug|Any CPU
		{3C62F7F6-F00D-4123-B84E-68C992B2C4ED}.DVD-5|Mixed Platforms.Build.0 = Debug|Any CPU
		{3C62F7F6-F00D-4123-B84E-68C992B2C4ED}.DVD-5|x86.ActiveCfg = Debug|Any CPU
		{3C62F7F6-F00D-4123-B84E-68C992B2C4ED}.DVD-5|x86.Build.0 = Debug|Any CPU
		{3C62F7F6-F00D-4123-B84E-68C992B2C4ED}.Release|Any CPU.ActiveCfg = Release|Any CPU
		{3C62F7F6-F00D-4123-B84E-68C992B2C4ED}.Release|Any CPU.Build.0 = Release|Any CPU
		{3C62F7F6-F00D-4123-B84E-68C992B2C4ED}.Release|Mixed Platforms.ActiveCfg = Release|Any CPU
		{3C62F7F6-F00D-4123-B84E-68C992B2C4ED}.Release|Mixed Platforms.Build.0 = Release|Any CPU
		{3C62F7F6-F00D-4123-B84E-68C992B2C4ED}.Release|x86.ActiveCfg = Release|Any CPU
		{3C62F7F6-F00D-4123-B84E-68C992B2C4ED}.SingleImage|Any CPU.ActiveCfg = Release|Any CPU
		{3C62F7F6-F00D-4123-B84E-68C992B2C4ED}.SingleImage|Any CPU.Build.0 = Release|Any CPU
		{3C62F7F6-F00D-4123-B84E-68C992B2C4ED}.SingleImage|Mixed Platforms.ActiveCfg = Release|Any CPU
		{3C62F7F6-F00D-4123-B84E-68C992B2C4ED}.SingleImage|Mixed Platforms.Build.0 = Release|Any CPU
		{3C62F7F6-F00D-4123-B84E-68C992B2C4ED}.SingleImage|x86.ActiveCfg = Release|Any CPU
		{3C62F7F6-F00D-4123-B84E-68C992B2C4ED}.SingleImage|x86.Build.0 = Release|Any CPU
		{A085BAE9-1101-4761-873C-4F4E7064947F}.CD_ROM|Any CPU.ActiveCfg = Release|Any CPU
		{A085BAE9-1101-4761-873C-4F4E7064947F}.CD_ROM|Any CPU.Build.0 = Release|Any CPU
		{A085BAE9-1101-4761-873C-4F4E7064947F}.CD_ROM|Mixed Platforms.ActiveCfg = Release|Any CPU
		{A085BAE9-1101-4761-873C-4F4E7064947F}.CD_ROM|Mixed Platforms.Build.0 = Release|Any CPU
		{A085BAE9-1101-4761-873C-4F4E7064947F}.CD_ROM|x86.ActiveCfg = Release|Any CPU
		{A085BAE9-1101-4761-873C-4F4E7064947F}.CD_ROM|x86.Build.0 = Release|Any CPU
		{A085BAE9-1101-4761-873C-4F4E7064947F}.Debug|Any CPU.ActiveCfg = Debug|Any CPU
		{A085BAE9-1101-4761-873C-4F4E7064947F}.Debug|Any CPU.Build.0 = Debug|Any CPU
		{A085BAE9-1101-4761-873C-4F4E7064947F}.Debug|Mixed Platforms.ActiveCfg = Debug|Any CPU
		{A085BAE9-1101-4761-873C-4F4E7064947F}.Debug|Mixed Platforms.Build.0 = Debug|Any CPU
		{A085BAE9-1101-4761-873C-4F4E7064947F}.Debug|x86.ActiveCfg = Debug|Any CPU
		{A085BAE9-1101-4761-873C-4F4E7064947F}.Debug|x86.Build.0 = Debug|Any CPU
		{A085BAE9-1101-4761-873C-4F4E7064947F}.DVD-5|Any CPU.ActiveCfg = Debug|Any CPU
		{A085BAE9-1101-4761-873C-4F4E7064947F}.DVD-5|Any CPU.Build.0 = Debug|Any CPU
		{A085BAE9-1101-4761-873C-4F4E7064947F}.DVD-5|Mixed Platforms.ActiveCfg = Debug|Any CPU
		{A085BAE9-1101-4761-873C-4F4E7064947F}.DVD-5|Mixed Platforms.Build.0 = Debug|Any CPU
		{A085BAE9-1101-4761-873C-4F4E7064947F}.DVD-5|x86.ActiveCfg = Debug|Any CPU
		{A085BAE9-1101-4761-873C-4F4E7064947F}.DVD-5|x86.Build.0 = Debug|Any CPU
		{A085BAE9-1101-4761-873C-4F4E7064947F}.Release|Any CPU.ActiveCfg = Release|Any CPU
		{A085BAE9-1101-4761-873C-4F4E7064947F}.Release|Any CPU.Build.0 = Release|Any CPU
		{A085BAE9-1101-4761-873C-4F4E7064947F}.Release|Mixed Platforms.ActiveCfg = Release|Any CPU
		{A085BAE9-1101-4761-873C-4F4E7064947F}.Release|Mixed Platforms.Build.0 = Release|Any CPU
		{A085BAE9-1101-4761-873C-4F4E7064947F}.Release|x86.ActiveCfg = Release|Any CPU
		{A085BAE9-1101-4761-873C-4F4E7064947F}.SingleImage|Any CPU.ActiveCfg = Release|Any CPU
		{A085BAE9-1101-4761-873C-4F4E7064947F}.SingleImage|Any CPU.Build.0 = Release|Any CPU
		{A085BAE9-1101-4761-873C-4F4E7064947F}.SingleImage|Mixed Platforms.ActiveCfg = Release|Any CPU
		{A085BAE9-1101-4761-873C-4F4E7064947F}.SingleImage|Mixed Platforms.Build.0 = Release|Any CPU
		{A085BAE9-1101-4761-873C-4F4E7064947F}.SingleImage|x86.ActiveCfg = Release|Any CPU
		{A085BAE9-1101-4761-873C-4F4E7064947F}.SingleImage|x86.Build.0 = Release|Any CPU
		{A0E95F64-EAB0-4C9B-9C57-AC991E44B4F3}.CD_ROM|Any CPU.ActiveCfg = Release|Any CPU
		{A0E95F64-EAB0-4C9B-9C57-AC991E44B4F3}.CD_ROM|Any CPU.Build.0 = Release|Any CPU
		{A0E95F64-EAB0-4C9B-9C57-AC991E44B4F3}.CD_ROM|Mixed Platforms.ActiveCfg = Release|Any CPU
		{A0E95F64-EAB0-4C9B-9C57-AC991E44B4F3}.CD_ROM|Mixed Platforms.Build.0 = Release|Any CPU
		{A0E95F64-EAB0-4C9B-9C57-AC991E44B4F3}.CD_ROM|x86.ActiveCfg = Release|Any CPU
		{A0E95F64-EAB0-4C9B-9C57-AC991E44B4F3}.CD_ROM|x86.Build.0 = Release|Any CPU
		{A0E95F64-EAB0-4C9B-9C57-AC991E44B4F3}.Debug|Any CPU.ActiveCfg = Debug|Any CPU
		{A0E95F64-EAB0-4C9B-9C57-AC991E44B4F3}.Debug|Any CPU.Build.0 = Debug|Any CPU
		{A0E95F64-EAB0-4C9B-9C57-AC991E44B4F3}.Debug|Mixed Platforms.ActiveCfg = Debug|Any CPU
		{A0E95F64-EAB0-4C9B-9C57-AC991E44B4F3}.Debug|Mixed Platforms.Build.0 = Debug|Any CPU
		{A0E95F64-EAB0-4C9B-9C57-AC991E44B4F3}.Debug|x86.ActiveCfg = Debug|Any CPU
		{A0E95F64-EAB0-4C9B-9C57-AC991E44B4F3}.Debug|x86.Build.0 = Debug|Any CPU
		{A0E95F64-EAB0-4C9B-9C57-AC991E44B4F3}.DVD-5|Any CPU.ActiveCfg = Debug|Any CPU
		{A0E95F64-EAB0-4C9B-9C57-AC991E44B4F3}.DVD-5|Any CPU.Build.0 = Debug|Any CPU
		{A0E95F64-EAB0-4C9B-9C57-AC991E44B4F3}.DVD-5|Mixed Platforms.ActiveCfg = Debug|Any CPU
		{A0E95F64-EAB0-4C9B-9C57-AC991E44B4F3}.DVD-5|Mixed Platforms.Build.0 = Debug|Any CPU
		{A0E95F64-EAB0-4C9B-9C57-AC991E44B4F3}.DVD-5|x86.ActiveCfg = Debug|Any CPU
		{A0E95F64-EAB0-4C9B-9C57-AC991E44B4F3}.DVD-5|x86.Build.0 = Debug|Any CPU
		{A0E95F64-EAB0-4C9B-9C57-AC991E44B4F3}.Release|Any CPU.ActiveCfg = Release|Any CPU
		{A0E95F64-EAB0-4C9B-9C57-AC991E44B4F3}.Release|Any CPU.Build.0 = Release|Any CPU
		{A0E95F64-EAB0-4C9B-9C57-AC991E44B4F3}.Release|Mixed Platforms.ActiveCfg = Release|Any CPU
		{A0E95F64-EAB0-4C9B-9C57-AC991E44B4F3}.Release|Mixed Platforms.Build.0 = Release|Any CPU
		{A0E95F64-EAB0-4C9B-9C57-AC991E44B4F3}.Release|x86.ActiveCfg = Release|Any CPU
		{A0E95F64-EAB0-4C9B-9C57-AC991E44B4F3}.SingleImage|Any CPU.ActiveCfg = Release|Any CPU
		{A0E95F64-EAB0-4C9B-9C57-AC991E44B4F3}.SingleImage|Any CPU.Build.0 = Release|Any CPU
		{A0E95F64-EAB0-4C9B-9C57-AC991E44B4F3}.SingleImage|Mixed Platforms.ActiveCfg = Release|Any CPU
		{A0E95F64-EAB0-4C9B-9C57-AC991E44B4F3}.SingleImage|Mixed Platforms.Build.0 = Release|Any CPU
		{A0E95F64-EAB0-4C9B-9C57-AC991E44B4F3}.SingleImage|x86.ActiveCfg = Release|Any CPU
		{A0E95F64-EAB0-4C9B-9C57-AC991E44B4F3}.SingleImage|x86.Build.0 = Release|Any CPU
		{42D50DB6-1CEE-421F-AFF0-03B9D20F1955}.CD_ROM|Any CPU.ActiveCfg = Release|Any CPU
		{42D50DB6-1CEE-421F-AFF0-03B9D20F1955}.CD_ROM|Any CPU.Build.0 = Release|Any CPU
		{42D50DB6-1CEE-421F-AFF0-03B9D20F1955}.CD_ROM|Mixed Platforms.ActiveCfg = Release|Any CPU
		{42D50DB6-1CEE-421F-AFF0-03B9D20F1955}.CD_ROM|Mixed Platforms.Build.0 = Release|Any CPU
		{42D50DB6-1CEE-421F-AFF0-03B9D20F1955}.CD_ROM|x86.ActiveCfg = Release|Any CPU
		{42D50DB6-1CEE-421F-AFF0-03B9D20F1955}.CD_ROM|x86.Build.0 = Release|Any CPU
		{42D50DB6-1CEE-421F-AFF0-03B9D20F1955}.Debug|Any CPU.ActiveCfg = Debug|Any CPU
		{42D50DB6-1CEE-421F-AFF0-03B9D20F1955}.Debug|Any CPU.Build.0 = Debug|Any CPU
		{42D50DB6-1CEE-421F-AFF0-03B9D20F1955}.Debug|Mixed Platforms.ActiveCfg = Debug|Any CPU
		{42D50DB6-1CEE-421F-AFF0-03B9D20F1955}.Debug|Mixed Platforms.Build.0 = Debug|Any CPU
		{42D50DB6-1CEE-421F-AFF0-03B9D20F1955}.Debug|x86.ActiveCfg = Debug|Any CPU
		{42D50DB6-1CEE-421F-AFF0-03B9D20F1955}.Debug|x86.Build.0 = Debug|Any CPU
		{42D50DB6-1CEE-421F-AFF0-03B9D20F1955}.DVD-5|Any CPU.ActiveCfg = Debug|Any CPU
		{42D50DB6-1CEE-421F-AFF0-03B9D20F1955}.DVD-5|Any CPU.Build.0 = Debug|Any CPU
		{42D50DB6-1CEE-421F-AFF0-03B9D20F1955}.DVD-5|Mixed Platforms.ActiveCfg = Debug|Any CPU
		{42D50DB6-1CEE-421F-AFF0-03B9D20F1955}.DVD-5|Mixed Platforms.Build.0 = Debug|Any CPU
		{42D50DB6-1CEE-421F-AFF0-03B9D20F1955}.DVD-5|x86.ActiveCfg = Debug|Any CPU
		{42D50DB6-1CEE-421F-AFF0-03B9D20F1955}.DVD-5|x86.Build.0 = Debug|Any CPU
		{42D50DB6-1CEE-421F-AFF0-03B9D20F1955}.Release|Any CPU.ActiveCfg = Release|Any CPU
		{42D50DB6-1CEE-421F-AFF0-03B9D20F1955}.Release|Any CPU.Build.0 = Release|Any CPU
		{42D50DB6-1CEE-421F-AFF0-03B9D20F1955}.Release|Mixed Platforms.ActiveCfg = Release|Any CPU
		{42D50DB6-1CEE-421F-AFF0-03B9D20F1955}.Release|Mixed Platforms.Build.0 = Release|Any CPU
		{42D50DB6-1CEE-421F-AFF0-03B9D20F1955}.Release|x86.ActiveCfg = Release|Any CPU
		{42D50DB6-1CEE-421F-AFF0-03B9D20F1955}.Release|x86.Build.0 = Release|Any CPU
		{42D50DB6-1CEE-421F-AFF0-03B9D20F1955}.SingleImage|Any CPU.ActiveCfg = Release|Any CPU
		{42D50DB6-1CEE-421F-AFF0-03B9D20F1955}.SingleImage|Any CPU.Build.0 = Release|Any CPU
		{42D50DB6-1CEE-421F-AFF0-03B9D20F1955}.SingleImage|Mixed Platforms.ActiveCfg = Release|Any CPU
		{42D50DB6-1CEE-421F-AFF0-03B9D20F1955}.SingleImage|Mixed Platforms.Build.0 = Release|Any CPU
		{42D50DB6-1CEE-421F-AFF0-03B9D20F1955}.SingleImage|x86.ActiveCfg = Release|Any CPU
		{42D50DB6-1CEE-421F-AFF0-03B9D20F1955}.SingleImage|x86.Build.0 = Release|Any CPU
		{E5A901D4-5A4A-498E-B589-5563C9BAAC3F}.CD_ROM|Any CPU.ActiveCfg = Release|Any CPU
		{E5A901D4-5A4A-498E-B589-5563C9BAAC3F}.CD_ROM|Any CPU.Build.0 = Release|Any CPU
		{E5A901D4-5A4A-498E-B589-5563C9BAAC3F}.CD_ROM|Mixed Platforms.ActiveCfg = Release|Any CPU
		{E5A901D4-5A4A-498E-B589-5563C9BAAC3F}.CD_ROM|Mixed Platforms.Build.0 = Release|Any CPU
		{E5A901D4-5A4A-498E-B589-5563C9BAAC3F}.CD_ROM|x86.ActiveCfg = Release|Any CPU
		{E5A901D4-5A4A-498E-B589-5563C9BAAC3F}.CD_ROM|x86.Build.0 = Release|Any CPU
		{E5A901D4-5A4A-498E-B589-5563C9BAAC3F}.Debug|Any CPU.ActiveCfg = Debug|Any CPU
		{E5A901D4-5A4A-498E-B589-5563C9BAAC3F}.Debug|Any CPU.Build.0 = Debug|Any CPU
		{E5A901D4-5A4A-498E-B589-5563C9BAAC3F}.Debug|Mixed Platforms.ActiveCfg = Debug|Any CPU
		{E5A901D4-5A4A-498E-B589-5563C9BAAC3F}.Debug|Mixed Platforms.Build.0 = Debug|Any CPU
		{E5A901D4-5A4A-498E-B589-5563C9BAAC3F}.Debug|x86.ActiveCfg = Debug|Any CPU
		{E5A901D4-5A4A-498E-B589-5563C9BAAC3F}.Debug|x86.Build.0 = Debug|Any CPU
		{E5A901D4-5A4A-498E-B589-5563C9BAAC3F}.DVD-5|Any CPU.ActiveCfg = Debug|Any CPU
		{E5A901D4-5A4A-498E-B589-5563C9BAAC3F}.DVD-5|Any CPU.Build.0 = Debug|Any CPU
		{E5A901D4-5A4A-498E-B589-5563C9BAAC3F}.DVD-5|Mixed Platforms.ActiveCfg = Debug|Any CPU
		{E5A901D4-5A4A-498E-B589-5563C9BAAC3F}.DVD-5|Mixed Platforms.Build.0 = Debug|Any CPU
		{E5A901D4-5A4A-498E-B589-5563C9BAAC3F}.DVD-5|x86.ActiveCfg = Debug|Any CPU
		{E5A901D4-5A4A-498E-B589-5563C9BAAC3F}.DVD-5|x86.Build.0 = Debug|Any CPU
		{E5A901D4-5A4A-498E-B589-5563C9BAAC3F}.Release|Any CPU.ActiveCfg = Release|Any CPU
		{E5A901D4-5A4A-498E-B589-5563C9BAAC3F}.Release|Any CPU.Build.0 = Release|Any CPU
		{E5A901D4-5A4A-498E-B589-5563C9BAAC3F}.Release|Mixed Platforms.ActiveCfg = Release|Any CPU
		{E5A901D4-5A4A-498E-B589-5563C9BAAC3F}.Release|Mixed Platforms.Build.0 = Release|Any CPU
		{E5A901D4-5A4A-498E-B589-5563C9BAAC3F}.Release|x86.ActiveCfg = Release|Any CPU
		{E5A901D4-5A4A-498E-B589-5563C9BAAC3F}.Release|x86.Build.0 = Release|Any CPU
		{E5A901D4-5A4A-498E-B589-5563C9BAAC3F}.SingleImage|Any CPU.ActiveCfg = Release|Any CPU
		{E5A901D4-5A4A-498E-B589-5563C9BAAC3F}.SingleImage|Any CPU.Build.0 = Release|Any CPU
		{E5A901D4-5A4A-498E-B589-5563C9BAAC3F}.SingleImage|Mixed Platforms.ActiveCfg = Release|Any CPU
		{E5A901D4-5A4A-498E-B589-5563C9BAAC3F}.SingleImage|Mixed Platforms.Build.0 = Release|Any CPU
		{E5A901D4-5A4A-498E-B589-5563C9BAAC3F}.SingleImage|x86.ActiveCfg = Release|Any CPU
		{E5A901D4-5A4A-498E-B589-5563C9BAAC3F}.SingleImage|x86.Build.0 = Release|Any CPU
		{F92ECF56-5B5C-4F5D-BA35-FB53DF6E5945}.CD_ROM|Any CPU.ActiveCfg = Release|Any CPU
		{F92ECF56-5B5C-4F5D-BA35-FB53DF6E5945}.CD_ROM|Any CPU.Build.0 = Release|Any CPU
		{F92ECF56-5B5C-4F5D-BA35-FB53DF6E5945}.CD_ROM|Mixed Platforms.ActiveCfg = Release|Any CPU
		{F92ECF56-5B5C-4F5D-BA35-FB53DF6E5945}.CD_ROM|Mixed Platforms.Build.0 = Release|Any CPU
		{F92ECF56-5B5C-4F5D-BA35-FB53DF6E5945}.CD_ROM|x86.ActiveCfg = Release|Any CPU
		{F92ECF56-5B5C-4F5D-BA35-FB53DF6E5945}.CD_ROM|x86.Build.0 = Release|Any CPU
		{F92ECF56-5B5C-4F5D-BA35-FB53DF6E5945}.Debug|Any CPU.ActiveCfg = Debug|Any CPU
		{F92ECF56-5B5C-4F5D-BA35-FB53DF6E5945}.Debug|Any CPU.Build.0 = Debug|Any CPU
		{F92ECF56-5B5C-4F5D-BA35-FB53DF6E5945}.Debug|Mixed Platforms.ActiveCfg = Debug|Any CPU
		{F92ECF56-5B5C-4F5D-BA35-FB53DF6E5945}.Debug|Mixed Platforms.Build.0 = Debug|Any CPU
		{F92ECF56-5B5C-4F5D-BA35-FB53DF6E5945}.Debug|x86.ActiveCfg = Debug|Any CPU
		{F92ECF56-5B5C-4F5D-BA35-FB53DF6E5945}.Debug|x86.Build.0 = Debug|Any CPU
		{F92ECF56-5B5C-4F5D-BA35-FB53DF6E5945}.DVD-5|Any CPU.ActiveCfg = Debug|Any CPU
		{F92ECF56-5B5C-4F5D-BA35-FB53DF6E5945}.DVD-5|Any CPU.Build.0 = Debug|Any CPU
		{F92ECF56-5B5C-4F5D-BA35-FB53DF6E5945}.DVD-5|Mixed Platforms.ActiveCfg = Debug|Any CPU
		{F92ECF56-5B5C-4F5D-BA35-FB53DF6E5945}.DVD-5|Mixed Platforms.Build.0 = Debug|Any CPU
		{F92ECF56-5B5C-4F5D-BA35-FB53DF6E5945}.DVD-5|x86.ActiveCfg = Debug|Any CPU
		{F92ECF56-5B5C-4F5D-BA35-FB53DF6E5945}.DVD-5|x86.Build.0 = Debug|Any CPU
		{F92ECF56-5B5C-4F5D-BA35-FB53DF6E5945}.Release|Any CPU.ActiveCfg = Release|Any CPU
		{F92ECF56-5B5C-4F5D-BA35-FB53DF6E5945}.Release|Any CPU.Build.0 = Release|Any CPU
		{F92ECF56-5B5C-4F5D-BA35-FB53DF6E5945}.Release|Mixed Platforms.ActiveCfg = Release|Any CPU
		{F92ECF56-5B5C-4F5D-BA35-FB53DF6E5945}.Release|Mixed Platforms.Build.0 = Release|Any CPU
		{F92ECF56-5B5C-4F5D-BA35-FB53DF6E5945}.Release|x86.ActiveCfg = Release|Any CPU
		{F92ECF56-5B5C-4F5D-BA35-FB53DF6E5945}.Release|x86.Build.0 = Release|Any CPU
		{F92ECF56-5B5C-4F5D-BA35-FB53DF6E5945}.SingleImage|Any CPU.ActiveCfg = Release|Any CPU
		{F92ECF56-5B5C-4F5D-BA35-FB53DF6E5945}.SingleImage|Any CPU.Build.0 = Release|Any CPU
		{F92ECF56-5B5C-4F5D-BA35-FB53DF6E5945}.SingleImage|Mixed Platforms.ActiveCfg = Release|Any CPU
		{F92ECF56-5B5C-4F5D-BA35-FB53DF6E5945}.SingleImage|Mixed Platforms.Build.0 = Release|Any CPU
		{F92ECF56-5B5C-4F5D-BA35-FB53DF6E5945}.SingleImage|x86.ActiveCfg = Release|Any CPU
		{F92ECF56-5B5C-4F5D-BA35-FB53DF6E5945}.SingleImage|x86.Build.0 = Release|Any CPU
		{26B929F0-E61C-4905-9F07-9FE59324986D}.CD_ROM|Any CPU.ActiveCfg = Release|Any CPU
		{26B929F0-E61C-4905-9F07-9FE59324986D}.CD_ROM|Any CPU.Build.0 = Release|Any CPU
		{26B929F0-E61C-4905-9F07-9FE59324986D}.CD_ROM|Mixed Platforms.ActiveCfg = Release|Any CPU
		{26B929F0-E61C-4905-9F07-9FE59324986D}.CD_ROM|Mixed Platforms.Build.0 = Release|Any CPU
		{26B929F0-E61C-4905-9F07-9FE59324986D}.CD_ROM|x86.ActiveCfg = Release|Any CPU
		{26B929F0-E61C-4905-9F07-9FE59324986D}.CD_ROM|x86.Build.0 = Release|Any CPU
		{26B929F0-E61C-4905-9F07-9FE59324986D}.Debug|Any CPU.ActiveCfg = Debug|Any CPU
		{26B929F0-E61C-4905-9F07-9FE59324986D}.Debug|Any CPU.Build.0 = Debug|Any CPU
		{26B929F0-E61C-4905-9F07-9FE59324986D}.Debug|Mixed Platforms.ActiveCfg = Debug|Any CPU
		{26B929F0-E61C-4905-9F07-9FE59324986D}.Debug|Mixed Platforms.Build.0 = Debug|Any CPU
		{26B929F0-E61C-4905-9F07-9FE59324986D}.Debug|x86.ActiveCfg = Debug|Any CPU
		{26B929F0-E61C-4905-9F07-9FE59324986D}.Debug|x86.Build.0 = Debug|Any CPU
		{26B929F0-E61C-4905-9F07-9FE59324986D}.DVD-5|Any CPU.ActiveCfg = Debug|Any CPU
		{26B929F0-E61C-4905-9F07-9FE59324986D}.DVD-5|Any CPU.Build.0 = Debug|Any CPU
		{26B929F0-E61C-4905-9F07-9FE59324986D}.DVD-5|Mixed Platforms.ActiveCfg = Debug|Any CPU
		{26B929F0-E61C-4905-9F07-9FE59324986D}.DVD-5|Mixed Platforms.Build.0 = Debug|Any CPU
		{26B929F0-E61C-4905-9F07-9FE59324986D}.DVD-5|x86.ActiveCfg = Debug|Any CPU
		{26B929F0-E61C-4905-9F07-9FE59324986D}.DVD-5|x86.Build.0 = Debug|Any CPU
		{26B929F0-E61C-4905-9F07-9FE59324986D}.Release|Any CPU.ActiveCfg = Release|Any CPU
		{26B929F0-E61C-4905-9F07-9FE59324986D}.Release|Any CPU.Build.0 = Release|Any CPU
		{26B929F0-E61C-4905-9F07-9FE59324986D}.Release|Mixed Platforms.ActiveCfg = Release|Any CPU
		{26B929F0-E61C-4905-9F07-9FE59324986D}.Release|Mixed Platforms.Build.0 = Release|Any CPU
		{26B929F0-E61C-4905-9F07-9FE59324986D}.Release|x86.ActiveCfg = Release|Any CPU
		{26B929F0-E61C-4905-9F07-9FE59324986D}.Release|x86.Build.0 = Release|Any CPU
		{26B929F0-E61C-4905-9F07-9FE59324986D}.SingleImage|Any CPU.ActiveCfg = Release|Any CPU
		{26B929F0-E61C-4905-9F07-9FE59324986D}.SingleImage|Any CPU.Build.0 = Release|Any CPU
		{26B929F0-E61C-4905-9F07-9FE59324986D}.SingleImage|Mixed Platforms.ActiveCfg = Release|Any CPU
		{26B929F0-E61C-4905-9F07-9FE59324986D}.SingleImage|Mixed Platforms.Build.0 = Release|Any CPU
		{26B929F0-E61C-4905-9F07-9FE59324986D}.SingleImage|x86.ActiveCfg = Release|Any CPU
		{26B929F0-E61C-4905-9F07-9FE59324986D}.SingleImage|x86.Build.0 = Release|Any CPU
		{24A52D57-16CE-4D6E-BEF3-B065A9C46C66}.CD_ROM|Any CPU.ActiveCfg = Release|Any CPU
		{24A52D57-16CE-4D6E-BEF3-B065A9C46C66}.CD_ROM|Any CPU.Build.0 = Release|Any CPU
		{24A52D57-16CE-4D6E-BEF3-B065A9C46C66}.CD_ROM|Mixed Platforms.ActiveCfg = Release|Any CPU
		{24A52D57-16CE-4D6E-BEF3-B065A9C46C66}.CD_ROM|Mixed Platforms.Build.0 = Release|Any CPU
		{24A52D57-16CE-4D6E-BEF3-B065A9C46C66}.CD_ROM|x86.ActiveCfg = Release|Any CPU
		{24A52D57-16CE-4D6E-BEF3-B065A9C46C66}.CD_ROM|x86.Build.0 = Release|Any CPU
		{24A52D57-16CE-4D6E-BEF3-B065A9C46C66}.Debug|Any CPU.ActiveCfg = Debug|Any CPU
		{24A52D57-16CE-4D6E-BEF3-B065A9C46C66}.Debug|Any CPU.Build.0 = Debug|Any CPU
		{24A52D57-16CE-4D6E-BEF3-B065A9C46C66}.Debug|Mixed Platforms.ActiveCfg = Debug|Any CPU
		{24A52D57-16CE-4D6E-BEF3-B065A9C46C66}.Debug|Mixed Platforms.Build.0 = Debug|Any CPU
		{24A52D57-16CE-4D6E-BEF3-B065A9C46C66}.Debug|x86.ActiveCfg = Debug|Any CPU
		{24A52D57-16CE-4D6E-BEF3-B065A9C46C66}.Debug|x86.Build.0 = Debug|Any CPU
		{24A52D57-16CE-4D6E-BEF3-B065A9C46C66}.DVD-5|Any CPU.ActiveCfg = Debug|Any CPU
		{24A52D57-16CE-4D6E-BEF3-B065A9C46C66}.DVD-5|Any CPU.Build.0 = Debug|Any CPU
		{24A52D57-16CE-4D6E-BEF3-B065A9C46C66}.DVD-5|Mixed Platforms.ActiveCfg = Debug|Any CPU
		{24A52D57-16CE-4D6E-BEF3-B065A9C46C66}.DVD-5|Mixed Platforms.Build.0 = Debug|Any CPU
		{24A52D57-16CE-4D6E-BEF3-B065A9C46C66}.DVD-5|x86.ActiveCfg = Debug|Any CPU
		{24A52D57-16CE-4D6E-BEF3-B065A9C46C66}.DVD-5|x86.Build.0 = Debug|Any CPU
		{24A52D57-16CE-4D6E-BEF3-B065A9C46C66}.Release|Any CPU.ActiveCfg = Release|Any CPU
		{24A52D57-16CE-4D6E-BEF3-B065A9C46C66}.Release|Any CPU.Build.0 = Release|Any CPU
		{24A52D57-16CE-4D6E-BEF3-B065A9C46C66}.Release|Mixed Platforms.ActiveCfg = Release|Any CPU
		{24A52D57-16CE-4D6E-BEF3-B065A9C46C66}.Release|Mixed Platforms.Build.0 = Release|Any CPU
		{24A52D57-16CE-4D6E-BEF3-B065A9C46C66}.Release|x86.ActiveCfg = Release|Any CPU
		{24A52D57-16CE-4D6E-BEF3-B065A9C46C66}.Release|x86.Build.0 = Release|Any CPU
		{24A52D57-16CE-4D6E-BEF3-B065A9C46C66}.SingleImage|Any CPU.ActiveCfg = Release|Any CPU
		{24A52D57-16CE-4D6E-BEF3-B065A9C46C66}.SingleImage|Any CPU.Build.0 = Release|Any CPU
		{24A52D57-16CE-4D6E-BEF3-B065A9C46C66}.SingleImage|Mixed Platforms.ActiveCfg = Release|Any CPU
		{24A52D57-16CE-4D6E-BEF3-B065A9C46C66}.SingleImage|Mixed Platforms.Build.0 = Release|Any CPU
		{24A52D57-16CE-4D6E-BEF3-B065A9C46C66}.SingleImage|x86.ActiveCfg = Release|Any CPU
		{24A52D57-16CE-4D6E-BEF3-B065A9C46C66}.SingleImage|x86.Build.0 = Release|Any CPU
		{4E902535-95CF-432B-99E8-426EB95F13C1}.CD_ROM|Any CPU.ActiveCfg = Release|Any CPU
		{4E902535-95CF-432B-99E8-426EB95F13C1}.CD_ROM|Any CPU.Build.0 = Release|Any CPU
		{4E902535-95CF-432B-99E8-426EB95F13C1}.CD_ROM|Mixed Platforms.ActiveCfg = Release|Any CPU
		{4E902535-95CF-432B-99E8-426EB95F13C1}.CD_ROM|Mixed Platforms.Build.0 = Release|Any CPU
		{4E902535-95CF-432B-99E8-426EB95F13C1}.CD_ROM|x86.ActiveCfg = Release|Any CPU
		{4E902535-95CF-432B-99E8-426EB95F13C1}.CD_ROM|x86.Build.0 = Release|Any CPU
		{4E902535-95CF-432B-99E8-426EB95F13C1}.Debug|Any CPU.ActiveCfg = Debug|Any CPU
		{4E902535-95CF-432B-99E8-426EB95F13C1}.Debug|Any CPU.Build.0 = Debug|Any CPU
		{4E902535-95CF-432B-99E8-426EB95F13C1}.Debug|Mixed Platforms.ActiveCfg = Debug|Any CPU
		{4E902535-95CF-432B-99E8-426EB95F13C1}.Debug|Mixed Platforms.Build.0 = Debug|Any CPU
		{4E902535-95CF-432B-99E8-426EB95F13C1}.Debug|x86.ActiveCfg = Debug|Any CPU
		{4E902535-95CF-432B-99E8-426EB95F13C1}.Debug|x86.Build.0 = Debug|Any CPU
		{4E902535-95CF-432B-99E8-426EB95F13C1}.DVD-5|Any CPU.ActiveCfg = Debug|Any CPU
		{4E902535-95CF-432B-99E8-426EB95F13C1}.DVD-5|Any CPU.Build.0 = Debug|Any CPU
		{4E902535-95CF-432B-99E8-426EB95F13C1}.DVD-5|Mixed Platforms.ActiveCfg = Debug|Any CPU
		{4E902535-95CF-432B-99E8-426EB95F13C1}.DVD-5|Mixed Platforms.Build.0 = Debug|Any CPU
		{4E902535-95CF-432B-99E8-426EB95F13C1}.DVD-5|x86.ActiveCfg = Debug|Any CPU
		{4E902535-95CF-432B-99E8-426EB95F13C1}.DVD-5|x86.Build.0 = Debug|Any CPU
		{4E902535-95CF-432B-99E8-426EB95F13C1}.Release|Any CPU.ActiveCfg = Release|Any CPU
		{4E902535-95CF-432B-99E8-426EB95F13C1}.Release|Any CPU.Build.0 = Release|Any CPU
		{4E902535-95CF-432B-99E8-426EB95F13C1}.Release|Mixed Platforms.ActiveCfg = Release|Any CPU
		{4E902535-95CF-432B-99E8-426EB95F13C1}.Release|Mixed Platforms.Build.0 = Release|Any CPU
		{4E902535-95CF-432B-99E8-426EB95F13C1}.Release|x86.ActiveCfg = Release|Any CPU
		{4E902535-95CF-432B-99E8-426EB95F13C1}.Release|x86.Build.0 = Release|Any CPU
		{4E902535-95CF-432B-99E8-426EB95F13C1}.SingleImage|Any CPU.ActiveCfg = Release|Any CPU
		{4E902535-95CF-432B-99E8-426EB95F13C1}.SingleImage|Any CPU.Build.0 = Release|Any CPU
		{4E902535-95CF-432B-99E8-426EB95F13C1}.SingleImage|Mixed Platforms.ActiveCfg = Release|Any CPU
		{4E902535-95CF-432B-99E8-426EB95F13C1}.SingleImage|Mixed Platforms.Build.0 = Release|Any CPU
		{4E902535-95CF-432B-99E8-426EB95F13C1}.SingleImage|x86.ActiveCfg = Release|Any CPU
		{4E902535-95CF-432B-99E8-426EB95F13C1}.SingleImage|x86.Build.0 = Release|Any CPU
		{BBE5497F-F5CF-4E0C-9EC1-9DAAA9DDB15D}.CD_ROM|Any CPU.ActiveCfg = Release|Any CPU
		{BBE5497F-F5CF-4E0C-9EC1-9DAAA9DDB15D}.CD_ROM|Any CPU.Build.0 = Release|Any CPU
		{BBE5497F-F5CF-4E0C-9EC1-9DAAA9DDB15D}.CD_ROM|Mixed Platforms.ActiveCfg = Release|Any CPU
		{BBE5497F-F5CF-4E0C-9EC1-9DAAA9DDB15D}.CD_ROM|Mixed Platforms.Build.0 = Release|Any CPU
		{BBE5497F-F5CF-4E0C-9EC1-9DAAA9DDB15D}.CD_ROM|x86.ActiveCfg = Release|Any CPU
		{BBE5497F-F5CF-4E0C-9EC1-9DAAA9DDB15D}.CD_ROM|x86.Build.0 = Release|Any CPU
		{BBE5497F-F5CF-4E0C-9EC1-9DAAA9DDB15D}.Debug|Any CPU.ActiveCfg = Debug|Any CPU
		{BBE5497F-F5CF-4E0C-9EC1-9DAAA9DDB15D}.Debug|Any CPU.Build.0 = Debug|Any CPU
		{BBE5497F-F5CF-4E0C-9EC1-9DAAA9DDB15D}.Debug|Mixed Platforms.ActiveCfg = Debug|Any CPU
		{BBE5497F-F5CF-4E0C-9EC1-9DAAA9DDB15D}.Debug|Mixed Platforms.Build.0 = Debug|Any CPU
		{BBE5497F-F5CF-4E0C-9EC1-9DAAA9DDB15D}.Debug|x86.ActiveCfg = Debug|Any CPU
		{BBE5497F-F5CF-4E0C-9EC1-9DAAA9DDB15D}.Debug|x86.Build.0 = Debug|Any CPU
		{BBE5497F-F5CF-4E0C-9EC1-9DAAA9DDB15D}.DVD-5|Any CPU.ActiveCfg = Debug|Any CPU
		{BBE5497F-F5CF-4E0C-9EC1-9DAAA9DDB15D}.DVD-5|Any CPU.Build.0 = Debug|Any CPU
		{BBE5497F-F5CF-4E0C-9EC1-9DAAA9DDB15D}.DVD-5|Mixed Platforms.ActiveCfg = Debug|Any CPU
		{BBE5497F-F5CF-4E0C-9EC1-9DAAA9DDB15D}.DVD-5|Mixed Platforms.Build.0 = Debug|Any CPU
		{BBE5497F-F5CF-4E0C-9EC1-9DAAA9DDB15D}.DVD-5|x86.ActiveCfg = Debug|Any CPU
		{BBE5497F-F5CF-4E0C-9EC1-9DAAA9DDB15D}.DVD-5|x86.Build.0 = Debug|Any CPU
		{BBE5497F-F5CF-4E0C-9EC1-9DAAA9DDB15D}.Release|Any CPU.ActiveCfg = Release|Any CPU
		{BBE5497F-F5CF-4E0C-9EC1-9DAAA9DDB15D}.Release|Any CPU.Build.0 = Release|Any CPU
		{BBE5497F-F5CF-4E0C-9EC1-9DAAA9DDB15D}.Release|Mixed Platforms.ActiveCfg = Release|Any CPU
		{BBE5497F-F5CF-4E0C-9EC1-9DAAA9DDB15D}.Release|Mixed Platforms.Build.0 = Release|Any CPU
		{BBE5497F-F5CF-4E0C-9EC1-9DAAA9DDB15D}.Release|x86.ActiveCfg = Release|Any CPU
		{BBE5497F-F5CF-4E0C-9EC1-9DAAA9DDB15D}.Release|x86.Build.0 = Release|Any CPU
		{BBE5497F-F5CF-4E0C-9EC1-9DAAA9DDB15D}.SingleImage|Any CPU.ActiveCfg = Release|Any CPU
		{BBE5497F-F5CF-4E0C-9EC1-9DAAA9DDB15D}.SingleImage|Any CPU.Build.0 = Release|Any CPU
		{BBE5497F-F5CF-4E0C-9EC1-9DAAA9DDB15D}.SingleImage|Mixed Platforms.ActiveCfg = Release|Any CPU
		{BBE5497F-F5CF-4E0C-9EC1-9DAAA9DDB15D}.SingleImage|Mixed Platforms.Build.0 = Release|Any CPU
		{BBE5497F-F5CF-4E0C-9EC1-9DAAA9DDB15D}.SingleImage|x86.ActiveCfg = Release|Any CPU
		{BBE5497F-F5CF-4E0C-9EC1-9DAAA9DDB15D}.SingleImage|x86.Build.0 = Release|Any CPU
		{99E017ED-213D-4E90-8C6B-349DACF88D3F}.CD_ROM|Any CPU.ActiveCfg = Release|Any CPU
		{99E017ED-213D-4E90-8C6B-349DACF88D3F}.CD_ROM|Any CPU.Build.0 = Release|Any CPU
		{99E017ED-213D-4E90-8C6B-349DACF88D3F}.CD_ROM|Mixed Platforms.ActiveCfg = Release|Any CPU
		{99E017ED-213D-4E90-8C6B-349DACF88D3F}.CD_ROM|Mixed Platforms.Build.0 = Release|Any CPU
		{99E017ED-213D-4E90-8C6B-349DACF88D3F}.CD_ROM|x86.ActiveCfg = Release|Any CPU
		{99E017ED-213D-4E90-8C6B-349DACF88D3F}.CD_ROM|x86.Build.0 = Release|Any CPU
		{99E017ED-213D-4E90-8C6B-349DACF88D3F}.Debug|Any CPU.ActiveCfg = Debug|Any CPU
		{99E017ED-213D-4E90-8C6B-349DACF88D3F}.Debug|Any CPU.Build.0 = Debug|Any CPU
		{99E017ED-213D-4E90-8C6B-349DACF88D3F}.Debug|Mixed Platforms.ActiveCfg = Debug|Any CPU
		{99E017ED-213D-4E90-8C6B-349DACF88D3F}.Debug|Mixed Platforms.Build.0 = Debug|Any CPU
		{99E017ED-213D-4E90-8C6B-349DACF88D3F}.Debug|x86.ActiveCfg = Debug|Any CPU
		{99E017ED-213D-4E90-8C6B-349DACF88D3F}.Debug|x86.Build.0 = Debug|Any CPU
		{99E017ED-213D-4E90-8C6B-349DACF88D3F}.DVD-5|Any CPU.ActiveCfg = Debug|Any CPU
		{99E017ED-213D-4E90-8C6B-349DACF88D3F}.DVD-5|Any CPU.Build.0 = Debug|Any CPU
		{99E017ED-213D-4E90-8C6B-349DACF88D3F}.DVD-5|Mixed Platforms.ActiveCfg = Debug|Any CPU
		{99E017ED-213D-4E90-8C6B-349DACF88D3F}.DVD-5|Mixed Platforms.Build.0 = Debug|Any CPU
		{99E017ED-213D-4E90-8C6B-349DACF88D3F}.DVD-5|x86.ActiveCfg = Debug|Any CPU
		{99E017ED-213D-4E90-8C6B-349DACF88D3F}.DVD-5|x86.Build.0 = Debug|Any CPU
		{99E017ED-213D-4E90-8C6B-349DACF88D3F}.Release|Any CPU.ActiveCfg = Release|Any CPU
		{99E017ED-213D-4E90-8C6B-349DACF88D3F}.Release|Any CPU.Build.0 = Release|Any CPU
		{99E017ED-213D-4E90-8C6B-349DACF88D3F}.Release|Mixed Platforms.ActiveCfg = Release|Any CPU
		{99E017ED-213D-4E90-8C6B-349DACF88D3F}.Release|Mixed Platforms.Build.0 = Release|Any CPU
		{99E017ED-213D-4E90-8C6B-349DACF88D3F}.Release|x86.ActiveCfg = Release|Any CPU
		{99E017ED-213D-4E90-8C6B-349DACF88D3F}.Release|x86.Build.0 = Release|Any CPU
		{99E017ED-213D-4E90-8C6B-349DACF88D3F}.SingleImage|Any CPU.ActiveCfg = Release|Any CPU
		{99E017ED-213D-4E90-8C6B-349DACF88D3F}.SingleImage|Any CPU.Build.0 = Release|Any CPU
		{99E017ED-213D-4E90-8C6B-349DACF88D3F}.SingleImage|Mixed Platforms.ActiveCfg = Release|Any CPU
		{99E017ED-213D-4E90-8C6B-349DACF88D3F}.SingleImage|Mixed Platforms.Build.0 = Release|Any CPU
		{99E017ED-213D-4E90-8C6B-349DACF88D3F}.SingleImage|x86.ActiveCfg = Release|Any CPU
		{99E017ED-213D-4E90-8C6B-349DACF88D3F}.SingleImage|x86.Build.0 = Release|Any CPU
	EndGlobalSection
	GlobalSection(SolutionProperties) = preSolution
		HideSolutionNode = FALSE
	EndGlobalSection
	GlobalSection(NestedProjects) = preSolution
		{E202C521-22E9-477E-B376-277935A43978} = {AF95287E-ED18-4548-94F2-1E483B42019F}
		{43DCF446-4179-46C4-9C5C-BFB5D87E4897} = {AF95287E-ED18-4548-94F2-1E483B42019F}
		{7D41C245-C7A1-4074-B689-29846AE8989B} = {AF95287E-ED18-4548-94F2-1E483B42019F}
		{89362B3E-116E-4E71-A098-657101D78E4A} = {AF95287E-ED18-4548-94F2-1E483B42019F}
		{695A088F-0592-4C1C-901D-69D8C6E6F6D9} = {7B5FB42A-C4AA-4B7F-B64E-3D0AECC217D5}
		{39F56BFA-92DC-42EA-AA86-AE48344561B3} = {7B5FB42A-C4AA-4B7F-B64E-3D0AECC217D5}
		{294BEEFB-75D7-43B5-8C67-AE27356155E7} = {7B5FB42A-C4AA-4B7F-B64E-3D0AECC217D5}
		{DF903017-CA0F-430A-A9AA-4DDC4C355449} = {AF95287E-ED18-4548-94F2-1E483B42019F}
		{72760BD2-E016-491E-A210-F0A57509AE18} = {7B5FB42A-C4AA-4B7F-B64E-3D0AECC217D5}
		{8E96A3C7-E91F-4EC1-AEC4-40041F55CAC8} = {7B5FB42A-C4AA-4B7F-B64E-3D0AECC217D5}
		{3C62F7F6-F00D-4123-B84E-68C992B2C4ED} = {7B5FB42A-C4AA-4B7F-B64E-3D0AECC217D5}
		{A085BAE9-1101-4761-873C-4F4E7064947F} = {7B5FB42A-C4AA-4B7F-B64E-3D0AECC217D5}
		{A0E95F64-EAB0-4C9B-9C57-AC991E44B4F3} = {7B5FB42A-C4AA-4B7F-B64E-3D0AECC217D5}
		{42D50DB6-1CEE-421F-AFF0-03B9D20F1955} = {7B5FB42A-C4AA-4B7F-B64E-3D0AECC217D5}
		{E5A901D4-5A4A-498E-B589-5563C9BAAC3F} = {7B5FB42A-C4AA-4B7F-B64E-3D0AECC217D5}
		{F92ECF56-5B5C-4F5D-BA35-FB53DF6E5945} = {7B5FB42A-C4AA-4B7F-B64E-3D0AECC217D5}
		{26B929F0-E61C-4905-9F07-9FE59324986D} = {AF95287E-ED18-4548-94F2-1E483B42019F}
		{24A52D57-16CE-4D6E-BEF3-B065A9C46C66} = {7B5FB42A-C4AA-4B7F-B64E-3D0AECC217D5}
		{BBE5497F-F5CF-4E0C-9EC1-9DAAA9DDB15D} = {7B5FB42A-C4AA-4B7F-B64E-3D0AECC217D5}
	EndGlobalSection
EndGlobal
